// !$*UTF8*$!
{
	archiveVersion = 1;
	classes = {
	};
	objectVersion = 50;
	objects = {

/* Begin PBXBuildFile section */
		18351EC36F94B8453E687D5A /* libPods-SSuite.a in Frameworks */ = {isa = PBXBuildFile; fileRef = 44AFCBBDDEFF38ADC0CEB386 /* libPods-SSuite.a */; };
		490BA21A25164D0A005E9079 /* SSBaseViewController.m in Sources */ = {isa = PBXBuildFile; fileRef = 490BA21925164D0A005E9079 /* SSBaseViewController.m */; };
		4933F7D4251F9EC9002F36EB /* SSDataCountMainCell.m in Sources */ = {isa = PBXBuildFile; fileRef = 4933F7D3251F9EC9002F36EB /* SSDataCountMainCell.m */; };
		4933F7D7251FA1F0002F36EB /* data_list_bg@2x.png in Resources */ = {isa = PBXBuildFile; fileRef = 4933F7D6251FA1F0002F36EB /* data_list_bg@2x.png */; };
		4933F7DC251FAF82002F36EB /* dinpro-medium.ttf in Resources */ = {isa = PBXBuildFile; fileRef = 4933F7DB251FAF82002F36EB /* dinpro-medium.ttf */; };
		4933F7DD251FAFC3002F36EB /* dinpro-medium.ttf in Resources */ = {isa = PBXBuildFile; fileRef = 4933F7DB251FAF82002F36EB /* dinpro-medium.ttf */; };
		4933F7DF251FB0B3002F36EB /* noteFile in Resources */ = {isa = PBXBuildFile; fileRef = 4933F7DE251FB0B3002F36EB /* noteFile */; };
		4933F7E2251FB4AB002F36EB /* DINPro-Bold.otf in Resources */ = {isa = PBXBuildFile; fileRef = 4933F7E1251FB4AB002F36EB /* DINPro-Bold.otf */; };
		4933F7E3251FB4D9002F36EB /* DINPro-Bold.otf in Resources */ = {isa = PBXBuildFile; fileRef = 4933F7E1251FB4AB002F36EB /* DINPro-Bold.otf */; };
		4933F7EB251FB95A002F36EB /* DIN-Alternate-Bold.ttf in Resources */ = {isa = PBXBuildFile; fileRef = 4933F7EA251FB95A002F36EB /* DIN-Alternate-Bold.ttf */; };
		4933F7EC251FB97C002F36EB /* DIN-Alternate-Bold.ttf in Resources */ = {isa = PBXBuildFile; fileRef = 4933F7EA251FB95A002F36EB /* DIN-Alternate-Bold.ttf */; };
		4933F7EE251FC0AE002F36EB /* groupWrite@2x.png in Resources */ = {isa = PBXBuildFile; fileRef = 4933F7ED251FC0AE002F36EB /* groupWrite@2x.png */; };
		49835A4B251661E200AA0F7E /* placeholdimg1@2x.png in Resources */ = {isa = PBXBuildFile; fileRef = 49835A4A251661E200AA0F7E /* placeholdimg1@2x.png */; };
		49835A4F2516643D00AA0F7E /* UIColor+SSEx.m in Sources */ = {isa = PBXBuildFile; fileRef = 49835A4E2516643D00AA0F7E /* UIColor+SSEx.m */; };
		49835A5F2516960D00AA0F7E /* placeholdimg2@2x.png in Resources */ = {isa = PBXBuildFile; fileRef = 49835A5E2516960D00AA0F7E /* placeholdimg2@2x.png */; };
		49835A6A2517A4F200AA0F7E /* UIButton+SCEextension.m in Sources */ = {isa = PBXBuildFile; fileRef = 49835A682517A4F200AA0F7E /* UIButton+SCEextension.m */; };
		49835A6C2517A57600AA0F7E /* sc_down_arrow@2x.png in Resources */ = {isa = PBXBuildFile; fileRef = 49835A6B2517A57600AA0F7E /* sc_down_arrow@2x.png */; };
		49835A6E2517A70D00AA0F7E /* sc_home_banner@2x.png in Resources */ = {isa = PBXBuildFile; fileRef = 49835A6D2517A70D00AA0F7E /* sc_home_banner@2x.png */; };
		49835A842517C40700AA0F7E /* Tab_Home_selected@2x.png in Resources */ = {isa = PBXBuildFile; fileRef = 49835A822517C40700AA0F7E /* Tab_Home_selected@2x.png */; };
		49835A852517C40700AA0F7E /* Tab_Home@2x.png in Resources */ = {isa = PBXBuildFile; fileRef = 49835A832517C40700AA0F7E /* Tab_Home@2x.png */; };
		49835C49251BADD900AA0F7E /* SSMatterViewController.m in Sources */ = {isa = PBXBuildFile; fileRef = 49835C08251BADD900AA0F7E /* SSMatterViewController.m */; };
		49835C4A251BADD900AA0F7E /* SSRadiuBottomCollectionView.m in Sources */ = {isa = PBXBuildFile; fileRef = 49835C0A251BADD900AA0F7E /* SSRadiuBottomCollectionView.m */; };
		49835C4B251BADD900AA0F7E /* SSMatterItemCell.m in Sources */ = {isa = PBXBuildFile; fileRef = 49835C0B251BADD900AA0F7E /* SSMatterItemCell.m */; };
		49835C4C251BADD900AA0F7E /* SSMatterGridCollectionCell.m in Sources */ = {isa = PBXBuildFile; fileRef = 49835C0F251BADD900AA0F7E /* SSMatterGridCollectionCell.m */; };
		49835C4D251BADD900AA0F7E /* SSLeftRightCollectionView.m in Sources */ = {isa = PBXBuildFile; fileRef = 49835C10251BADD900AA0F7E /* SSLeftRightCollectionView.m */; };
		49835C4E251BADD900AA0F7E /* SSMatterActionDoCell.m in Sources */ = {isa = PBXBuildFile; fileRef = 49835C11251BADD900AA0F7E /* SSMatterActionDoCell.m */; };
		49835C4F251BADD900AA0F7E /* SSRadiuTopCollectionView.m in Sources */ = {isa = PBXBuildFile; fileRef = 49835C12251BADD900AA0F7E /* SSRadiuTopCollectionView.m */; };
		49835C50251BADD900AA0F7E /* SSMatterTitleView.m in Sources */ = {isa = PBXBuildFile; fileRef = 49835C13251BADD900AA0F7E /* SSMatterTitleView.m */; };
		49835C51251BADD900AA0F7E /* SSMatterDeviceCell.m in Sources */ = {isa = PBXBuildFile; fileRef = 49835C14251BADD900AA0F7E /* SSMatterDeviceCell.m */; };
		49835C52251BADD900AA0F7E /* SSTabBarController.m in Sources */ = {isa = PBXBuildFile; fileRef = 49835C1C251BADD900AA0F7E /* SSTabBarController.m */; };
		49835C53251BADD900AA0F7E /* SSHouseStatusCell.m in Sources */ = {isa = PBXBuildFile; fileRef = 49835C22251BADD900AA0F7E /* SSHouseStatusCell.m */; };
		49835C54251BADD900AA0F7E /* SSStatusViewController.m in Sources */ = {isa = PBXBuildFile; fileRef = 49835C23251BADD900AA0F7E /* SSStatusViewController.m */; };
		49835C55251BADD900AA0F7E /* SSPersonalViewController.m in Sources */ = {isa = PBXBuildFile; fileRef = 49835C26251BADD900AA0F7E /* SSPersonalViewController.m */; };
		49835C56251BADD900AA0F7E /* SSDataCountViewController.m in Sources */ = {isa = PBXBuildFile; fileRef = 49835C29251BADD900AA0F7E /* SSDataCountViewController.m */; };
		49835C57251BADD900AA0F7E /* SSDataViewController.m in Sources */ = {isa = PBXBuildFile; fileRef = 49835C2A251BADD900AA0F7E /* SSDataViewController.m */; };
		49835C58251BADD900AA0F7E /* SSDataRateViewController.m in Sources */ = {isa = PBXBuildFile; fileRef = 49835C2C251BADD900AA0F7E /* SSDataRateViewController.m */; };
		49835C59251BADD900AA0F7E /* SSDataTotalViewController.m in Sources */ = {isa = PBXBuildFile; fileRef = 49835C2E251BADD900AA0F7E /* SSDataTotalViewController.m */; };
		49835C5A251BADD900AA0F7E /* SSDataTopTypeItem.m in Sources */ = {isa = PBXBuildFile; fileRef = 49835C31251BADD900AA0F7E /* SSDataTopTypeItem.m */; };
		49835C5B251BADD900AA0F7E /* SSDataTotalBtnsView.m in Sources */ = {isa = PBXBuildFile; fileRef = 49835C35251BADD900AA0F7E /* SSDataTotalBtnsView.m */; };
		49835C5C251BADD900AA0F7E /* SSDataTotalRankCell.m in Sources */ = {isa = PBXBuildFile; fileRef = 49835C37251BADD900AA0F7E /* SSDataTotalRankCell.m */; };
		49835C5D251BADD900AA0F7E /* SSDataTotalBreakCell.m in Sources */ = {isa = PBXBuildFile; fileRef = 49835C38251BADD900AA0F7E /* SSDataTotalBreakCell.m */; };
		49835C5E251BADD900AA0F7E /* SSRataRingChartView.m in Sources */ = {isa = PBXBuildFile; fileRef = 49835C3A251BADD900AA0F7E /* SSRataRingChartView.m */; };
		49835C5F251BADD900AA0F7E /* SSSingleTitleView.m in Sources */ = {isa = PBXBuildFile; fileRef = 49835C3B251BADD900AA0F7E /* SSSingleTitleView.m */; };
		49835C60251BADD900AA0F7E /* SSRataHorizontalLine.m in Sources */ = {isa = PBXBuildFile; fileRef = 49835C3E251BADD900AA0F7E /* SSRataHorizontalLine.m */; };
		49835C62251BADD900AA0F7E /* SSDataRingChartCell.m in Sources */ = {isa = PBXBuildFile; fileRef = 49835C43251BADD900AA0F7E /* SSDataRingChartCell.m */; };
		49835C63251BADD900AA0F7E /* SSScrollView.m in Sources */ = {isa = PBXBuildFile; fileRef = 49835C47251BADD900AA0F7E /* SSScrollView.m */; };
		49835C64251BADD900AA0F7E /* SSDataTotalGainBreakLineView.m in Sources */ = {isa = PBXBuildFile; fileRef = 49835C48251BADD900AA0F7E /* SSDataTotalGainBreakLineView.m */; };
		49835C66251BAF9600AA0F7E /* ceshituxiang.png in Resources */ = {isa = PBXBuildFile; fileRef = 49835C65251BAF9600AA0F7E /* ceshituxiang.png */; };
		7B2EA34A25207714006F378A /* msyh.ttf in Resources */ = {isa = PBXBuildFile; fileRef = 7B2EA34925207714006F378A /* msyh.ttf */; };
		7B2EA34D25208926006F378A /* SSDataCountAgeCell.m in Sources */ = {isa = PBXBuildFile; fileRef = 7B2EA34C25208926006F378A /* SSDataCountAgeCell.m */; };
		7B2EA35025208AD6006F378A /* SSDataCountAgeVerticalView.m in Sources */ = {isa = PBXBuildFile; fileRef = 7B2EA34F25208AD6006F378A /* SSDataCountAgeVerticalView.m */; };
		7B2EA3702521CBDE006F378A /* XLCircle.m in Sources */ = {isa = PBXBuildFile; fileRef = 7B2EA36E2521CBDE006F378A /* XLCircle.m */; };
		7B2EA3712521CBDE006F378A /* XLCircleProgress.m in Sources */ = {isa = PBXBuildFile; fileRef = 7B2EA36F2521CBDE006F378A /* XLCircleProgress.m */; };
		7B2EA3742521DEEA006F378A /* SSDataCountEduCell.m in Sources */ = {isa = PBXBuildFile; fileRef = 7B2EA3732521DEEA006F378A /* SSDataCountEduCell.m */; };
		7B49C00C251333F3000F1009 /* AppDelegate.m in Sources */ = {isa = PBXBuildFile; fileRef = 7B49C00B251333F3000F1009 /* AppDelegate.m */; };
		7B49C00F251333F3000F1009 /* SceneDelegate.m in Sources */ = {isa = PBXBuildFile; fileRef = 7B49C00E251333F3000F1009 /* SceneDelegate.m */; };
		7B49C012251333F3000F1009 /* ViewController.m in Sources */ = {isa = PBXBuildFile; fileRef = 7B49C011251333F3000F1009 /* ViewController.m */; };
		7B49C017251333F4000F1009 /* Assets.xcassets in Resources */ = {isa = PBXBuildFile; fileRef = 7B49C016251333F4000F1009 /* Assets.xcassets */; };
		7B49C01A251333F4000F1009 /* LaunchScreen.storyboard in Resources */ = {isa = PBXBuildFile; fileRef = 7B49C018251333F4000F1009 /* LaunchScreen.storyboard */; };
		7B49C01D251333F4000F1009 /* main.m in Sources */ = {isa = PBXBuildFile; fileRef = 7B49C01C251333F4000F1009 /* main.m */; };
		7B49C027251333F4000F1009 /* SSuiteTests.m in Sources */ = {isa = PBXBuildFile; fileRef = 7B49C026251333F4000F1009 /* SSuiteTests.m */; };
		7B49C032251333F4000F1009 /* SSuiteUITests.m in Sources */ = {isa = PBXBuildFile; fileRef = 7B49C031251333F4000F1009 /* SSuiteUITests.m */; };
		7B49C04325134C4F000F1009 /* SSUtilities.m in Sources */ = {isa = PBXBuildFile; fileRef = 7B49C04225134C4F000F1009 /* SSUtilities.m */; };
		7B49C04925135B1E000F1009 /* SSBaseCollectionView.m in Sources */ = {isa = PBXBuildFile; fileRef = 7B49C04825135B1E000F1009 /* SSBaseCollectionView.m */; };
		7B49C04D25135D14000F1009 /* SSCollectionViewFlowLayout.m in Sources */ = {isa = PBXBuildFile; fileRef = 7B49C04C25135D14000F1009 /* SSCollectionViewFlowLayout.m */; };
		7B49C3B9251C3A10000F1009 /* DemoBMainCell.m in Sources */ = {isa = PBXBuildFile; fileRef = 7B49C3B3251C3A10000F1009 /* DemoBMainCell.m */; };
		7B49C3BA251C3A10000F1009 /* HistogramColorView.m in Sources */ = {isa = PBXBuildFile; fileRef = 7B49C3B5251C3A10000F1009 /* HistogramColorView.m */; };
		7B49C3BB251C3A10000F1009 /* DemoBMainTopView.m in Sources */ = {isa = PBXBuildFile; fileRef = 7B49C3B6251C3A10000F1009 /* DemoBMainTopView.m */; };
		7B49C3BE251C3AB5000F1009 /* HistogramModel.m in Sources */ = {isa = PBXBuildFile; fileRef = 7B49C3BD251C3AB5000F1009 /* HistogramModel.m */; };
		7B49C3C7251C3EF9000F1009 /* SSDataVerticalLineChartCell.m in Sources */ = {isa = PBXBuildFile; fileRef = 7B49C3C6251C3EF9000F1009 /* SSDataVerticalLineChartCell.m */; };
		7B49C3CF25206C7A000F1009 /* Main.storyboard in Resources */ = {isa = PBXBuildFile; fileRef = 7B49C013251333F3000F1009 /* Main.storyboard */; };
		7B49C3D52520725E000F1009 /* SSDataCountGenderCell.m in Sources */ = {isa = PBXBuildFile; fileRef = 7B49C3D42520725E000F1009 /* SSDataCountGenderCell.m */; };
/* End PBXBuildFile section */

/* Begin PBXContainerItemProxy section */
		7B49C023251333F4000F1009 /* PBXContainerItemProxy */ = {
			isa = PBXContainerItemProxy;
			containerPortal = 7B49BFFF251333F3000F1009 /* Project object */;
			proxyType = 1;
			remoteGlobalIDString = 7B49C006251333F3000F1009;
			remoteInfo = SSuite;
		};
		7B49C02E251333F4000F1009 /* PBXContainerItemProxy */ = {
			isa = PBXContainerItemProxy;
			containerPortal = 7B49BFFF251333F3000F1009 /* Project object */;
			proxyType = 1;
			remoteGlobalIDString = 7B49C006251333F3000F1009;
			remoteInfo = SSuite;
		};
/* End PBXContainerItemProxy section */

/* Begin PBXFileReference section */
		44AFCBBDDEFF38ADC0CEB386 /* libPods-SSuite.a */ = {isa = PBXFileReference; explicitFileType = archive.ar; includeInIndex = 0; path = "libPods-SSuite.a"; sourceTree = BUILT_PRODUCTS_DIR; };
		490BA21825164D0A005E9079 /* SSBaseViewController.h */ = {isa = PBXFileReference; lastKnownFileType = sourcecode.c.h; path = SSBaseViewController.h; sourceTree = "<group>"; };
		490BA21925164D0A005E9079 /* SSBaseViewController.m */ = {isa = PBXFileReference; lastKnownFileType = sourcecode.c.objc; path = SSBaseViewController.m; sourceTree = "<group>"; };
		491EB7152516557F00F40DBF /* SSuite.entitlements */ = {isa = PBXFileReference; lastKnownFileType = text.plist.entitlements; path = SSuite.entitlements; sourceTree = "<group>"; };
		4933F7D2251F9EC9002F36EB /* SSDataCountMainCell.h */ = {isa = PBXFileReference; lastKnownFileType = sourcecode.c.h; path = SSDataCountMainCell.h; sourceTree = "<group>"; };
		4933F7D3251F9EC9002F36EB /* SSDataCountMainCell.m */ = {isa = PBXFileReference; lastKnownFileType = sourcecode.c.objc; path = SSDataCountMainCell.m; sourceTree = "<group>"; };
		4933F7D6251FA1F0002F36EB /* data_list_bg@2x.png */ = {isa = PBXFileReference; lastKnownFileType = image.png; path = "data_list_bg@2x.png"; sourceTree = "<group>"; };
		4933F7DB251FAF82002F36EB /* dinpro-medium.ttf */ = {isa = PBXFileReference; lastKnownFileType = file; path = "dinpro-medium.ttf"; sourceTree = "<group>"; };
		4933F7DE251FB0B3002F36EB /* noteFile */ = {isa = PBXFileReference; lastKnownFileType = text; path = noteFile; sourceTree = "<group>"; };
		4933F7E1251FB4AB002F36EB /* DINPro-Bold.otf */ = {isa = PBXFileReference; lastKnownFileType = file; path = "DINPro-Bold.otf"; sourceTree = "<group>"; };
		4933F7EA251FB95A002F36EB /* DIN-Alternate-Bold.ttf */ = {isa = PBXFileReference; lastKnownFileType = file; path = "DIN-Alternate-Bold.ttf"; sourceTree = "<group>"; };
		4933F7ED251FC0AE002F36EB /* groupWrite@2x.png */ = {isa = PBXFileReference; lastKnownFileType = image.png; path = "groupWrite@2x.png"; sourceTree = "<group>"; };
		49835A4A251661E200AA0F7E /* placeholdimg1@2x.png */ = {isa = PBXFileReference; lastKnownFileType = image.png; path = "placeholdimg1@2x.png"; sourceTree = "<group>"; };
		49835A4D2516643D00AA0F7E /* UIColor+SSEx.h */ = {isa = PBXFileReference; lastKnownFileType = sourcecode.c.h; path = "UIColor+SSEx.h"; sourceTree = "<group>"; };
		49835A4E2516643D00AA0F7E /* UIColor+SSEx.m */ = {isa = PBXFileReference; lastKnownFileType = sourcecode.c.objc; path = "UIColor+SSEx.m"; sourceTree = "<group>"; };
		49835A5E2516960D00AA0F7E /* placeholdimg2@2x.png */ = {isa = PBXFileReference; lastKnownFileType = image.png; path = "placeholdimg2@2x.png"; sourceTree = "<group>"; };
		49835A682517A4F200AA0F7E /* UIButton+SCEextension.m */ = {isa = PBXFileReference; fileEncoding = 4; lastKnownFileType = sourcecode.c.objc; path = "UIButton+SCEextension.m"; sourceTree = "<group>"; };
		49835A692517A4F200AA0F7E /* UIButton+SCEextension.h */ = {isa = PBXFileReference; fileEncoding = 4; lastKnownFileType = sourcecode.c.h; path = "UIButton+SCEextension.h"; sourceTree = "<group>"; };
		49835A6B2517A57600AA0F7E /* sc_down_arrow@2x.png */ = {isa = PBXFileReference; lastKnownFileType = image.png; path = "sc_down_arrow@2x.png"; sourceTree = "<group>"; };
		49835A6D2517A70D00AA0F7E /* sc_home_banner@2x.png */ = {isa = PBXFileReference; lastKnownFileType = image.png; path = "sc_home_banner@2x.png"; sourceTree = "<group>"; };
		49835A822517C40700AA0F7E /* Tab_Home_selected@2x.png */ = {isa = PBXFileReference; lastKnownFileType = image.png; path = "Tab_Home_selected@2x.png"; sourceTree = "<group>"; };
		49835A832517C40700AA0F7E /* Tab_Home@2x.png */ = {isa = PBXFileReference; lastKnownFileType = image.png; path = "Tab_Home@2x.png"; sourceTree = "<group>"; };
		49835C08251BADD900AA0F7E /* SSMatterViewController.m */ = {isa = PBXFileReference; fileEncoding = 4; lastKnownFileType = sourcecode.c.objc; path = SSMatterViewController.m; sourceTree = "<group>"; };
		49835C0A251BADD900AA0F7E /* SSRadiuBottomCollectionView.m */ = {isa = PBXFileReference; fileEncoding = 4; lastKnownFileType = sourcecode.c.objc; path = SSRadiuBottomCollectionView.m; sourceTree = "<group>"; };
		49835C0B251BADD900AA0F7E /* SSMatterItemCell.m */ = {isa = PBXFileReference; fileEncoding = 4; lastKnownFileType = sourcecode.c.objc; path = SSMatterItemCell.m; sourceTree = "<group>"; };
		49835C0C251BADD900AA0F7E /* SSMatterDeviceCell.h */ = {isa = PBXFileReference; fileEncoding = 4; lastKnownFileType = sourcecode.c.h; path = SSMatterDeviceCell.h; sourceTree = "<group>"; };
		49835C0D251BADD900AA0F7E /* SSRadiuTopCollectionView.h */ = {isa = PBXFileReference; fileEncoding = 4; lastKnownFileType = sourcecode.c.h; path = SSRadiuTopCollectionView.h; sourceTree = "<group>"; };
		49835C0E251BADD900AA0F7E /* SSMatterTitleView.h */ = {isa = PBXFileReference; fileEncoding = 4; lastKnownFileType = sourcecode.c.h; path = SSMatterTitleView.h; sourceTree = "<group>"; };
		49835C0F251BADD900AA0F7E /* SSMatterGridCollectionCell.m */ = {isa = PBXFileReference; fileEncoding = 4; lastKnownFileType = sourcecode.c.objc; path = SSMatterGridCollectionCell.m; sourceTree = "<group>"; };
		49835C10251BADD900AA0F7E /* SSLeftRightCollectionView.m */ = {isa = PBXFileReference; fileEncoding = 4; lastKnownFileType = sourcecode.c.objc; path = SSLeftRightCollectionView.m; sourceTree = "<group>"; };
		49835C11251BADD900AA0F7E /* SSMatterActionDoCell.m */ = {isa = PBXFileReference; fileEncoding = 4; lastKnownFileType = sourcecode.c.objc; path = SSMatterActionDoCell.m; sourceTree = "<group>"; };
		49835C12251BADD900AA0F7E /* SSRadiuTopCollectionView.m */ = {isa = PBXFileReference; fileEncoding = 4; lastKnownFileType = sourcecode.c.objc; path = SSRadiuTopCollectionView.m; sourceTree = "<group>"; };
		49835C13251BADD900AA0F7E /* SSMatterTitleView.m */ = {isa = PBXFileReference; fileEncoding = 4; lastKnownFileType = sourcecode.c.objc; path = SSMatterTitleView.m; sourceTree = "<group>"; };
		49835C14251BADD900AA0F7E /* SSMatterDeviceCell.m */ = {isa = PBXFileReference; fileEncoding = 4; lastKnownFileType = sourcecode.c.objc; path = SSMatterDeviceCell.m; sourceTree = "<group>"; };
		49835C15251BADD900AA0F7E /* SSMatterItemCell.h */ = {isa = PBXFileReference; fileEncoding = 4; lastKnownFileType = sourcecode.c.h; path = SSMatterItemCell.h; sourceTree = "<group>"; };
		49835C16251BADD900AA0F7E /* SSRadiuBottomCollectionView.h */ = {isa = PBXFileReference; fileEncoding = 4; lastKnownFileType = sourcecode.c.h; path = SSRadiuBottomCollectionView.h; sourceTree = "<group>"; };
		49835C17251BADD900AA0F7E /* SSMatterGridCollectionCell.h */ = {isa = PBXFileReference; fileEncoding = 4; lastKnownFileType = sourcecode.c.h; path = SSMatterGridCollectionCell.h; sourceTree = "<group>"; };
		49835C18251BADD900AA0F7E /* SSMatterActionDoCell.h */ = {isa = PBXFileReference; fileEncoding = 4; lastKnownFileType = sourcecode.c.h; path = SSMatterActionDoCell.h; sourceTree = "<group>"; };
		49835C19251BADD900AA0F7E /* SSLeftRightCollectionView.h */ = {isa = PBXFileReference; fileEncoding = 4; lastKnownFileType = sourcecode.c.h; path = SSLeftRightCollectionView.h; sourceTree = "<group>"; };
		49835C1A251BADD900AA0F7E /* SSMatterViewController.h */ = {isa = PBXFileReference; fileEncoding = 4; lastKnownFileType = sourcecode.c.h; path = SSMatterViewController.h; sourceTree = "<group>"; };
		49835C1C251BADD900AA0F7E /* SSTabBarController.m */ = {isa = PBXFileReference; fileEncoding = 4; lastKnownFileType = sourcecode.c.objc; path = SSTabBarController.m; sourceTree = "<group>"; };
		49835C1D251BADD900AA0F7E /* SSTabBarController.h */ = {isa = PBXFileReference; fileEncoding = 4; lastKnownFileType = sourcecode.c.h; path = SSTabBarController.h; sourceTree = "<group>"; };
		49835C1F251BADD900AA0F7E /* SSStatusViewController.h */ = {isa = PBXFileReference; fileEncoding = 4; lastKnownFileType = sourcecode.c.h; path = SSStatusViewController.h; sourceTree = "<group>"; };
		49835C21251BADD900AA0F7E /* SSHouseStatusCell.h */ = {isa = PBXFileReference; fileEncoding = 4; lastKnownFileType = sourcecode.c.h; path = SSHouseStatusCell.h; sourceTree = "<group>"; };
		49835C22251BADD900AA0F7E /* SSHouseStatusCell.m */ = {isa = PBXFileReference; fileEncoding = 4; lastKnownFileType = sourcecode.c.objc; path = SSHouseStatusCell.m; sourceTree = "<group>"; };
		49835C23251BADD900AA0F7E /* SSStatusViewController.m */ = {isa = PBXFileReference; fileEncoding = 4; lastKnownFileType = sourcecode.c.objc; path = SSStatusViewController.m; sourceTree = "<group>"; };
		49835C25251BADD900AA0F7E /* SSPersonalViewController.h */ = {isa = PBXFileReference; fileEncoding = 4; lastKnownFileType = sourcecode.c.h; path = SSPersonalViewController.h; sourceTree = "<group>"; };
		49835C26251BADD900AA0F7E /* SSPersonalViewController.m */ = {isa = PBXFileReference; fileEncoding = 4; lastKnownFileType = sourcecode.c.objc; path = SSPersonalViewController.m; sourceTree = "<group>"; };
		49835C28251BADD900AA0F7E /* SSDataRateViewController.h */ = {isa = PBXFileReference; fileEncoding = 4; lastKnownFileType = sourcecode.c.h; path = SSDataRateViewController.h; sourceTree = "<group>"; };
		49835C29251BADD900AA0F7E /* SSDataCountViewController.m */ = {isa = PBXFileReference; fileEncoding = 4; lastKnownFileType = sourcecode.c.objc; path = SSDataCountViewController.m; sourceTree = "<group>"; };
		49835C2A251BADD900AA0F7E /* SSDataViewController.m */ = {isa = PBXFileReference; fileEncoding = 4; lastKnownFileType = sourcecode.c.objc; path = SSDataViewController.m; sourceTree = "<group>"; };
		49835C2B251BADD900AA0F7E /* SSDataTotalViewController.h */ = {isa = PBXFileReference; fileEncoding = 4; lastKnownFileType = sourcecode.c.h; path = SSDataTotalViewController.h; sourceTree = "<group>"; };
		49835C2C251BADD900AA0F7E /* SSDataRateViewController.m */ = {isa = PBXFileReference; fileEncoding = 4; lastKnownFileType = sourcecode.c.objc; path = SSDataRateViewController.m; sourceTree = "<group>"; };
		49835C2D251BADD900AA0F7E /* SSDataCountViewController.h */ = {isa = PBXFileReference; fileEncoding = 4; lastKnownFileType = sourcecode.c.h; path = SSDataCountViewController.h; sourceTree = "<group>"; };
		49835C2E251BADD900AA0F7E /* SSDataTotalViewController.m */ = {isa = PBXFileReference; fileEncoding = 4; lastKnownFileType = sourcecode.c.objc; path = SSDataTotalViewController.m; sourceTree = "<group>"; };
		49835C2F251BADD900AA0F7E /* SSDataViewController.h */ = {isa = PBXFileReference; fileEncoding = 4; lastKnownFileType = sourcecode.c.h; path = SSDataViewController.h; sourceTree = "<group>"; };
		49835C31251BADD900AA0F7E /* SSDataTopTypeItem.m */ = {isa = PBXFileReference; fileEncoding = 4; lastKnownFileType = sourcecode.c.objc; path = SSDataTopTypeItem.m; sourceTree = "<group>"; };
		49835C33251BADD900AA0F7E /* SSDataTotalBreakCell.h */ = {isa = PBXFileReference; fileEncoding = 4; lastKnownFileType = sourcecode.c.h; path = SSDataTotalBreakCell.h; sourceTree = "<group>"; };
		49835C34251BADD900AA0F7E /* SSDataTotalRankCell.h */ = {isa = PBXFileReference; fileEncoding = 4; lastKnownFileType = sourcecode.c.h; path = SSDataTotalRankCell.h; sourceTree = "<group>"; };
		49835C35251BADD900AA0F7E /* SSDataTotalBtnsView.m */ = {isa = PBXFileReference; fileEncoding = 4; lastKnownFileType = sourcecode.c.objc; path = SSDataTotalBtnsView.m; sourceTree = "<group>"; };
		49835C36251BADD900AA0F7E /* SSDataTotalBtnsView.h */ = {isa = PBXFileReference; fileEncoding = 4; lastKnownFileType = sourcecode.c.h; path = SSDataTotalBtnsView.h; sourceTree = "<group>"; };
		49835C37251BADD900AA0F7E /* SSDataTotalRankCell.m */ = {isa = PBXFileReference; fileEncoding = 4; lastKnownFileType = sourcecode.c.objc; path = SSDataTotalRankCell.m; sourceTree = "<group>"; };
		49835C38251BADD900AA0F7E /* SSDataTotalBreakCell.m */ = {isa = PBXFileReference; fileEncoding = 4; lastKnownFileType = sourcecode.c.objc; path = SSDataTotalBreakCell.m; sourceTree = "<group>"; };
		49835C39251BADD900AA0F7E /* SSRataHorizontalLine.h */ = {isa = PBXFileReference; fileEncoding = 4; lastKnownFileType = sourcecode.c.h; path = SSRataHorizontalLine.h; sourceTree = "<group>"; };
		49835C3A251BADD900AA0F7E /* SSRataRingChartView.m */ = {isa = PBXFileReference; fileEncoding = 4; lastKnownFileType = sourcecode.c.objc; path = SSRataRingChartView.m; sourceTree = "<group>"; };
		49835C3B251BADD900AA0F7E /* SSSingleTitleView.m */ = {isa = PBXFileReference; fileEncoding = 4; lastKnownFileType = sourcecode.c.objc; path = SSSingleTitleView.m; sourceTree = "<group>"; };
		49835C3C251BADD900AA0F7E /* SSDataTotalGainBreakLineView.h */ = {isa = PBXFileReference; fileEncoding = 4; lastKnownFileType = sourcecode.c.h; path = SSDataTotalGainBreakLineView.h; sourceTree = "<group>"; };
		49835C3D251BADD900AA0F7E /* SSScrollView.h */ = {isa = PBXFileReference; fileEncoding = 4; lastKnownFileType = sourcecode.c.h; path = SSScrollView.h; sourceTree = "<group>"; };
		49835C3E251BADD900AA0F7E /* SSRataHorizontalLine.m */ = {isa = PBXFileReference; fileEncoding = 4; lastKnownFileType = sourcecode.c.objc; path = SSRataHorizontalLine.m; sourceTree = "<group>"; };
		49835C3F251BADD900AA0F7E /* SSDataTopTypeItem.h */ = {isa = PBXFileReference; fileEncoding = 4; lastKnownFileType = sourcecode.c.h; path = SSDataTopTypeItem.h; sourceTree = "<group>"; };
		49835C41251BADD900AA0F7E /* SSDataRingChartCell.h */ = {isa = PBXFileReference; fileEncoding = 4; lastKnownFileType = sourcecode.c.h; path = SSDataRingChartCell.h; sourceTree = "<group>"; };
		49835C43251BADD900AA0F7E /* SSDataRingChartCell.m */ = {isa = PBXFileReference; fileEncoding = 4; lastKnownFileType = sourcecode.c.objc; path = SSDataRingChartCell.m; sourceTree = "<group>"; };
		49835C45251BADD900AA0F7E /* SSSingleTitleView.h */ = {isa = PBXFileReference; fileEncoding = 4; lastKnownFileType = sourcecode.c.h; path = SSSingleTitleView.h; sourceTree = "<group>"; };
		49835C46251BADD900AA0F7E /* SSRataRingChartView.h */ = {isa = PBXFileReference; fileEncoding = 4; lastKnownFileType = sourcecode.c.h; path = SSRataRingChartView.h; sourceTree = "<group>"; };
		49835C47251BADD900AA0F7E /* SSScrollView.m */ = {isa = PBXFileReference; fileEncoding = 4; lastKnownFileType = sourcecode.c.objc; path = SSScrollView.m; sourceTree = "<group>"; };
		49835C48251BADD900AA0F7E /* SSDataTotalGainBreakLineView.m */ = {isa = PBXFileReference; fileEncoding = 4; lastKnownFileType = sourcecode.c.objc; path = SSDataTotalGainBreakLineView.m; sourceTree = "<group>"; };
		49835C65251BAF9600AA0F7E /* ceshituxiang.png */ = {isa = PBXFileReference; lastKnownFileType = image.png; path = ceshituxiang.png; sourceTree = "<group>"; };
		52DF05FA73D7FE081C903EC7 /* Pods-SSuite.release.xcconfig */ = {isa = PBXFileReference; includeInIndex = 1; lastKnownFileType = text.xcconfig; name = "Pods-SSuite.release.xcconfig"; path = "Target Support Files/Pods-SSuite/Pods-SSuite.release.xcconfig"; sourceTree = "<group>"; };
		580FCAC6EC99FC39308AFE05 /* Pods-SSuite.debug.xcconfig */ = {isa = PBXFileReference; includeInIndex = 1; lastKnownFileType = text.xcconfig; name = "Pods-SSuite.debug.xcconfig"; path = "Target Support Files/Pods-SSuite/Pods-SSuite.debug.xcconfig"; sourceTree = "<group>"; };
		7B2EA34925207714006F378A /* msyh.ttf */ = {isa = PBXFileReference; lastKnownFileType = file; path = msyh.ttf; sourceTree = "<group>"; };
		7B2EA34B25208926006F378A /* SSDataCountAgeCell.h */ = {isa = PBXFileReference; lastKnownFileType = sourcecode.c.h; path = SSDataCountAgeCell.h; sourceTree = "<group>"; };
		7B2EA34C25208926006F378A /* SSDataCountAgeCell.m */ = {isa = PBXFileReference; lastKnownFileType = sourcecode.c.objc; path = SSDataCountAgeCell.m; sourceTree = "<group>"; };
		7B2EA34E25208AD6006F378A /* SSDataCountAgeVerticalView.h */ = {isa = PBXFileReference; lastKnownFileType = sourcecode.c.h; path = SSDataCountAgeVerticalView.h; sourceTree = "<group>"; };
		7B2EA34F25208AD6006F378A /* SSDataCountAgeVerticalView.m */ = {isa = PBXFileReference; lastKnownFileType = sourcecode.c.objc; path = SSDataCountAgeVerticalView.m; sourceTree = "<group>"; };
		7B2EA36C2521CBDE006F378A /* XLCircleProgress.h */ = {isa = PBXFileReference; fileEncoding = 4; lastKnownFileType = sourcecode.c.h; path = XLCircleProgress.h; sourceTree = "<group>"; };
		7B2EA36D2521CBDE006F378A /* XLCircle.h */ = {isa = PBXFileReference; fileEncoding = 4; lastKnownFileType = sourcecode.c.h; path = XLCircle.h; sourceTree = "<group>"; };
		7B2EA36E2521CBDE006F378A /* XLCircle.m */ = {isa = PBXFileReference; fileEncoding = 4; lastKnownFileType = sourcecode.c.objc; path = XLCircle.m; sourceTree = "<group>"; };
		7B2EA36F2521CBDE006F378A /* XLCircleProgress.m */ = {isa = PBXFileReference; fileEncoding = 4; lastKnownFileType = sourcecode.c.objc; path = XLCircleProgress.m; sourceTree = "<group>"; };
		7B2EA3722521DEEA006F378A /* SSDataCountEduCell.h */ = {isa = PBXFileReference; lastKnownFileType = sourcecode.c.h; path = SSDataCountEduCell.h; sourceTree = "<group>"; };
		7B2EA3732521DEEA006F378A /* SSDataCountEduCell.m */ = {isa = PBXFileReference; lastKnownFileType = sourcecode.c.objc; path = SSDataCountEduCell.m; sourceTree = "<group>"; };
		7B49C007251333F3000F1009 /* SSuite.app */ = {isa = PBXFileReference; explicitFileType = wrapper.application; includeInIndex = 0; path = SSuite.app; sourceTree = BUILT_PRODUCTS_DIR; };
		7B49C00A251333F3000F1009 /* AppDelegate.h */ = {isa = PBXFileReference; lastKnownFileType = sourcecode.c.h; path = AppDelegate.h; sourceTree = "<group>"; };
		7B49C00B251333F3000F1009 /* AppDelegate.m */ = {isa = PBXFileReference; lastKnownFileType = sourcecode.c.objc; path = AppDelegate.m; sourceTree = "<group>"; };
		7B49C00D251333F3000F1009 /* SceneDelegate.h */ = {isa = PBXFileReference; lastKnownFileType = sourcecode.c.h; path = SceneDelegate.h; sourceTree = "<group>"; };
		7B49C00E251333F3000F1009 /* SceneDelegate.m */ = {isa = PBXFileReference; lastKnownFileType = sourcecode.c.objc; path = SceneDelegate.m; sourceTree = "<group>"; };
		7B49C010251333F3000F1009 /* ViewController.h */ = {isa = PBXFileReference; lastKnownFileType = sourcecode.c.h; path = ViewController.h; sourceTree = "<group>"; };
		7B49C011251333F3000F1009 /* ViewController.m */ = {isa = PBXFileReference; lastKnownFileType = sourcecode.c.objc; path = ViewController.m; sourceTree = "<group>"; };
		7B49C014251333F3000F1009 /* Base */ = {isa = PBXFileReference; lastKnownFileType = file.storyboard; name = Base; path = Base.lproj/Main.storyboard; sourceTree = "<group>"; };
		7B49C016251333F4000F1009 /* Assets.xcassets */ = {isa = PBXFileReference; lastKnownFileType = folder.assetcatalog; path = Assets.xcassets; sourceTree = "<group>"; };
		7B49C019251333F4000F1009 /* Base */ = {isa = PBXFileReference; lastKnownFileType = file.storyboard; name = Base; path = Base.lproj/LaunchScreen.storyboard; sourceTree = "<group>"; };
		7B49C01B251333F4000F1009 /* Info.plist */ = {isa = PBXFileReference; lastKnownFileType = text.plist.xml; path = Info.plist; sourceTree = "<group>"; };
		7B49C01C251333F4000F1009 /* main.m */ = {isa = PBXFileReference; lastKnownFileType = sourcecode.c.objc; path = main.m; sourceTree = "<group>"; };
		7B49C022251333F4000F1009 /* SSuiteTests.xctest */ = {isa = PBXFileReference; explicitFileType = wrapper.cfbundle; includeInIndex = 0; path = SSuiteTests.xctest; sourceTree = BUILT_PRODUCTS_DIR; };
		7B49C026251333F4000F1009 /* SSuiteTests.m */ = {isa = PBXFileReference; lastKnownFileType = sourcecode.c.objc; path = SSuiteTests.m; sourceTree = "<group>"; };
		7B49C028251333F4000F1009 /* Info.plist */ = {isa = PBXFileReference; lastKnownFileType = text.plist.xml; path = Info.plist; sourceTree = "<group>"; };
		7B49C02D251333F4000F1009 /* SSuiteUITests.xctest */ = {isa = PBXFileReference; explicitFileType = wrapper.cfbundle; includeInIndex = 0; path = SSuiteUITests.xctest; sourceTree = BUILT_PRODUCTS_DIR; };
		7B49C031251333F4000F1009 /* SSuiteUITests.m */ = {isa = PBXFileReference; lastKnownFileType = sourcecode.c.objc; path = SSuiteUITests.m; sourceTree = "<group>"; };
		7B49C033251333F4000F1009 /* Info.plist */ = {isa = PBXFileReference; lastKnownFileType = text.plist.xml; path = Info.plist; sourceTree = "<group>"; };
		7B49C04125134C4F000F1009 /* SSUtilities.h */ = {isa = PBXFileReference; lastKnownFileType = sourcecode.c.h; path = SSUtilities.h; sourceTree = "<group>"; };
		7B49C04225134C4F000F1009 /* SSUtilities.m */ = {isa = PBXFileReference; lastKnownFileType = sourcecode.c.objc; path = SSUtilities.m; sourceTree = "<group>"; };
		7B49C0442513508C000F1009 /* SSuiteHeader.pch */ = {isa = PBXFileReference; lastKnownFileType = sourcecode.c.h; path = SSuiteHeader.pch; sourceTree = "<group>"; };
		7B49C04525135195000F1009 /* SSPublicDefine.h */ = {isa = PBXFileReference; lastKnownFileType = sourcecode.c.h; path = SSPublicDefine.h; sourceTree = "<group>"; };
		7B49C04725135B1E000F1009 /* SSBaseCollectionView.h */ = {isa = PBXFileReference; lastKnownFileType = sourcecode.c.h; path = SSBaseCollectionView.h; sourceTree = "<group>"; };
		7B49C04825135B1E000F1009 /* SSBaseCollectionView.m */ = {isa = PBXFileReference; lastKnownFileType = sourcecode.c.objc; path = SSBaseCollectionView.m; sourceTree = "<group>"; };
		7B49C04B25135D14000F1009 /* SSCollectionViewFlowLayout.h */ = {isa = PBXFileReference; lastKnownFileType = sourcecode.c.h; path = SSCollectionViewFlowLayout.h; sourceTree = "<group>"; };
		7B49C04C25135D14000F1009 /* SSCollectionViewFlowLayout.m */ = {isa = PBXFileReference; lastKnownFileType = sourcecode.c.objc; path = SSCollectionViewFlowLayout.m; sourceTree = "<group>"; };
		7B49C3B3251C3A10000F1009 /* DemoBMainCell.m */ = {isa = PBXFileReference; fileEncoding = 4; lastKnownFileType = sourcecode.c.objc; path = DemoBMainCell.m; sourceTree = "<group>"; };
		7B49C3B4251C3A10000F1009 /* DemoBMainTopView.h */ = {isa = PBXFileReference; fileEncoding = 4; lastKnownFileType = sourcecode.c.h; path = DemoBMainTopView.h; sourceTree = "<group>"; };
		7B49C3B5251C3A10000F1009 /* HistogramColorView.m */ = {isa = PBXFileReference; fileEncoding = 4; lastKnownFileType = sourcecode.c.objc; path = HistogramColorView.m; sourceTree = "<group>"; };
		7B49C3B6251C3A10000F1009 /* DemoBMainTopView.m */ = {isa = PBXFileReference; fileEncoding = 4; lastKnownFileType = sourcecode.c.objc; path = DemoBMainTopView.m; sourceTree = "<group>"; };
		7B49C3B7251C3A10000F1009 /* DemoBMainCell.h */ = {isa = PBXFileReference; fileEncoding = 4; lastKnownFileType = sourcecode.c.h; path = DemoBMainCell.h; sourceTree = "<group>"; };
		7B49C3B8251C3A10000F1009 /* HistogramColorView.h */ = {isa = PBXFileReference; fileEncoding = 4; lastKnownFileType = sourcecode.c.h; path = HistogramColorView.h; sourceTree = "<group>"; };
		7B49C3BC251C3AB5000F1009 /* HistogramModel.h */ = {isa = PBXFileReference; fileEncoding = 4; lastKnownFileType = sourcecode.c.h; path = HistogramModel.h; sourceTree = "<group>"; };
		7B49C3BD251C3AB5000F1009 /* HistogramModel.m */ = {isa = PBXFileReference; fileEncoding = 4; lastKnownFileType = sourcecode.c.objc; path = HistogramModel.m; sourceTree = "<group>"; };
		7B49C3C5251C3EF9000F1009 /* SSDataVerticalLineChartCell.h */ = {isa = PBXFileReference; lastKnownFileType = sourcecode.c.h; path = SSDataVerticalLineChartCell.h; sourceTree = "<group>"; };
		7B49C3C6251C3EF9000F1009 /* SSDataVerticalLineChartCell.m */ = {isa = PBXFileReference; lastKnownFileType = sourcecode.c.objc; path = SSDataVerticalLineChartCell.m; sourceTree = "<group>"; };
		7B49C3D32520725E000F1009 /* SSDataCountGenderCell.h */ = {isa = PBXFileReference; lastKnownFileType = sourcecode.c.h; path = SSDataCountGenderCell.h; sourceTree = "<group>"; };
		7B49C3D42520725E000F1009 /* SSDataCountGenderCell.m */ = {isa = PBXFileReference; lastKnownFileType = sourcecode.c.objc; path = SSDataCountGenderCell.m; sourceTree = "<group>"; };
/* End PBXFileReference section */

/* Begin PBXFrameworksBuildPhase section */
		7B49C004251333F3000F1009 /* Frameworks */ = {
			isa = PBXFrameworksBuildPhase;
			buildActionMask = 2147483647;
			files = (
				18351EC36F94B8453E687D5A /* libPods-SSuite.a in Frameworks */,
			);
			runOnlyForDeploymentPostprocessing = 0;
		};
		7B49C01F251333F4000F1009 /* Frameworks */ = {
			isa = PBXFrameworksBuildPhase;
			buildActionMask = 2147483647;
			files = (
			);
			runOnlyForDeploymentPostprocessing = 0;
		};
		7B49C02A251333F4000F1009 /* Frameworks */ = {
			isa = PBXFrameworksBuildPhase;
			buildActionMask = 2147483647;
			files = (
			);
			runOnlyForDeploymentPostprocessing = 0;
		};
/* End PBXFrameworksBuildPhase section */

/* Begin PBXGroup section */
		4933F7D5251FA1DA002F36EB /* countImgs */ = {
			isa = PBXGroup;
			children = (
				4933F7D6251FA1F0002F36EB /* data_list_bg@2x.png */,
			);
			path = countImgs;
			sourceTree = "<group>";
		};
		4933F7E0251FB437002F36EB /* Fonts */ = {
			isa = PBXGroup;
			children = (
				4933F7E1251FB4AB002F36EB /* DINPro-Bold.otf */,
				4933F7DB251FAF82002F36EB /* dinpro-medium.ttf */,
				4933F7EA251FB95A002F36EB /* DIN-Alternate-Bold.ttf */,
				7B2EA34925207714006F378A /* msyh.ttf */,
			);
			path = Fonts;
			sourceTree = "<group>";
		};
		498359ED2516618600AA0F7E /* images */ = {
			isa = PBXGroup;
			children = (
				4933F7D5251FA1DA002F36EB /* countImgs */,
				49835C65251BAF9600AA0F7E /* ceshituxiang.png */,
				4933F7ED251FC0AE002F36EB /* groupWrite@2x.png */,
				49835A822517C40700AA0F7E /* Tab_Home_selected@2x.png */,
				49835A832517C40700AA0F7E /* Tab_Home@2x.png */,
				49835A6D2517A70D00AA0F7E /* sc_home_banner@2x.png */,
				49835A6B2517A57600AA0F7E /* sc_down_arrow@2x.png */,
				49835A4A251661E200AA0F7E /* placeholdimg1@2x.png */,
				49835A5E2516960D00AA0F7E /* placeholdimg2@2x.png */,
			);
			path = images;
			sourceTree = "<group>";
		};
		49835A4C251663C500AA0F7E /* Extension */ = {
			isa = PBXGroup;
			children = (
				49835A4D2516643D00AA0F7E /* UIColor+SSEx.h */,
				49835A4E2516643D00AA0F7E /* UIColor+SSEx.m */,
				49835A692517A4F200AA0F7E /* UIButton+SCEextension.h */,
				49835A682517A4F200AA0F7E /* UIButton+SCEextension.m */,
			);
			path = Extension;
			sourceTree = "<group>";
		};
		49835C06251BADD900AA0F7E /* Controllers */ = {
			isa = PBXGroup;
			children = (
				49835C1B251BADD900AA0F7E /* BaseController */,
				49835C07251BADD900AA0F7E /* Matter */,
				49835C1E251BADD900AA0F7E /* HouseStatus */,
				49835C27251BADD900AA0F7E /* HouseData */,
				49835C24251BADD900AA0F7E /* personalCenter */,
			);
			path = Controllers;
			sourceTree = "<group>";
		};
		49835C07251BADD900AA0F7E /* Matter */ = {
			isa = PBXGroup;
			children = (
				49835C1A251BADD900AA0F7E /* SSMatterViewController.h */,
				49835C08251BADD900AA0F7E /* SSMatterViewController.m */,
				49835C09251BADD900AA0F7E /* MatterView */,
			);
			path = Matter;
			sourceTree = "<group>";
		};
		49835C09251BADD900AA0F7E /* MatterView */ = {
			isa = PBXGroup;
			children = (
				49835C17251BADD900AA0F7E /* SSMatterGridCollectionCell.h */,
				49835C0F251BADD900AA0F7E /* SSMatterGridCollectionCell.m */,
				49835C19251BADD900AA0F7E /* SSLeftRightCollectionView.h */,
				49835C10251BADD900AA0F7E /* SSLeftRightCollectionView.m */,
				49835C0D251BADD900AA0F7E /* SSRadiuTopCollectionView.h */,
				49835C12251BADD900AA0F7E /* SSRadiuTopCollectionView.m */,
				49835C0E251BADD900AA0F7E /* SSMatterTitleView.h */,
				49835C13251BADD900AA0F7E /* SSMatterTitleView.m */,
				49835C0C251BADD900AA0F7E /* SSMatterDeviceCell.h */,
				49835C14251BADD900AA0F7E /* SSMatterDeviceCell.m */,
				49835C15251BADD900AA0F7E /* SSMatterItemCell.h */,
				49835C0B251BADD900AA0F7E /* SSMatterItemCell.m */,
				49835C16251BADD900AA0F7E /* SSRadiuBottomCollectionView.h */,
				49835C0A251BADD900AA0F7E /* SSRadiuBottomCollectionView.m */,
				49835C18251BADD900AA0F7E /* SSMatterActionDoCell.h */,
				49835C11251BADD900AA0F7E /* SSMatterActionDoCell.m */,
			);
			path = MatterView;
			sourceTree = "<group>";
		};
		49835C1B251BADD900AA0F7E /* BaseController */ = {
			isa = PBXGroup;
			children = (
				49835C1D251BADD900AA0F7E /* SSTabBarController.h */,
				49835C1C251BADD900AA0F7E /* SSTabBarController.m */,
			);
			path = BaseController;
			sourceTree = "<group>";
		};
		49835C1E251BADD900AA0F7E /* HouseStatus */ = {
			isa = PBXGroup;
			children = (
				49835C1F251BADD900AA0F7E /* SSStatusViewController.h */,
				49835C23251BADD900AA0F7E /* SSStatusViewController.m */,
				49835C20251BADD900AA0F7E /* View */,
			);
			path = HouseStatus;
			sourceTree = "<group>";
		};
		49835C20251BADD900AA0F7E /* View */ = {
			isa = PBXGroup;
			children = (
				49835C21251BADD900AA0F7E /* SSHouseStatusCell.h */,
				49835C22251BADD900AA0F7E /* SSHouseStatusCell.m */,
			);
			path = View;
			sourceTree = "<group>";
		};
		49835C24251BADD900AA0F7E /* personalCenter */ = {
			isa = PBXGroup;
			children = (
				49835C25251BADD900AA0F7E /* SSPersonalViewController.h */,
				49835C26251BADD900AA0F7E /* SSPersonalViewController.m */,
			);
			path = personalCenter;
			sourceTree = "<group>";
		};
		49835C27251BADD900AA0F7E /* HouseData */ = {
			isa = PBXGroup;
			children = (
				49835C2F251BADD900AA0F7E /* SSDataViewController.h */,
				49835C2A251BADD900AA0F7E /* SSDataViewController.m */,
				49835C2B251BADD900AA0F7E /* SSDataTotalViewController.h */,
				49835C2E251BADD900AA0F7E /* SSDataTotalViewController.m */,
				49835C28251BADD900AA0F7E /* SSDataRateViewController.h */,
				49835C2C251BADD900AA0F7E /* SSDataRateViewController.m */,
				49835C2D251BADD900AA0F7E /* SSDataCountViewController.h */,
				49835C29251BADD900AA0F7E /* SSDataCountViewController.m */,
				49835C30251BADD900AA0F7E /* views */,
			);
			path = HouseData;
			sourceTree = "<group>";
		};
		49835C30251BADD900AA0F7E /* views */ = {
			isa = PBXGroup;
			children = (
				49835C3F251BADD900AA0F7E /* SSDataTopTypeItem.h */,
				49835C31251BADD900AA0F7E /* SSDataTopTypeItem.m */,
				49835C39251BADD900AA0F7E /* SSRataHorizontalLine.h */,
				49835C3E251BADD900AA0F7E /* SSRataHorizontalLine.m */,
				49835C46251BADD900AA0F7E /* SSRataRingChartView.h */,
				49835C3A251BADD900AA0F7E /* SSRataRingChartView.m */,
				49835C45251BADD900AA0F7E /* SSSingleTitleView.h */,
				49835C3B251BADD900AA0F7E /* SSSingleTitleView.m */,
				49835C3C251BADD900AA0F7E /* SSDataTotalGainBreakLineView.h */,
				49835C48251BADD900AA0F7E /* SSDataTotalGainBreakLineView.m */,
				49835C3D251BADD900AA0F7E /* SSScrollView.h */,
				49835C47251BADD900AA0F7E /* SSScrollView.m */,
				49835C32251BADD900AA0F7E /* DataTotalViews */,
				49835C40251BADD900AA0F7E /* DataRataViews */,
				49835C76251F9E3600AA0F7E /* DataCountViews */,
			);
			path = views;
			sourceTree = "<group>";
		};
		49835C32251BADD900AA0F7E /* DataTotalViews */ = {
			isa = PBXGroup;
			children = (
				49835C33251BADD900AA0F7E /* SSDataTotalBreakCell.h */,
				49835C38251BADD900AA0F7E /* SSDataTotalBreakCell.m */,
				49835C34251BADD900AA0F7E /* SSDataTotalRankCell.h */,
				49835C37251BADD900AA0F7E /* SSDataTotalRankCell.m */,
				49835C35251BADD900AA0F7E /* SSDataTotalBtnsView.m */,
				49835C36251BADD900AA0F7E /* SSDataTotalBtnsView.h */,
			);
			path = DataTotalViews;
			sourceTree = "<group>";
		};
		49835C40251BADD900AA0F7E /* DataRataViews */ = {
			isa = PBXGroup;
			children = (
				7B49C3B2251C3A10000F1009 /* VerticalChat */,
				49835C41251BADD900AA0F7E /* SSDataRingChartCell.h */,
				49835C43251BADD900AA0F7E /* SSDataRingChartCell.m */,
				7B49C3C5251C3EF9000F1009 /* SSDataVerticalLineChartCell.h */,
				7B49C3C6251C3EF9000F1009 /* SSDataVerticalLineChartCell.m */,
			);
			path = DataRataViews;
			sourceTree = "<group>";
		};
		49835C76251F9E3600AA0F7E /* DataCountViews */ = {
			isa = PBXGroup;
			children = (
				4933F7D2251F9EC9002F36EB /* SSDataCountMainCell.h */,
				4933F7D3251F9EC9002F36EB /* SSDataCountMainCell.m */,
				7B49C3D32520725E000F1009 /* SSDataCountGenderCell.h */,
				7B49C3D42520725E000F1009 /* SSDataCountGenderCell.m */,
				7B2EA34B25208926006F378A /* SSDataCountAgeCell.h */,
				7B2EA34C25208926006F378A /* SSDataCountAgeCell.m */,
				7B2EA3722521DEEA006F378A /* SSDataCountEduCell.h */,
				7B2EA3732521DEEA006F378A /* SSDataCountEduCell.m */,
				7B2EA34E25208AD6006F378A /* SSDataCountAgeVerticalView.h */,
				7B2EA34F25208AD6006F378A /* SSDataCountAgeVerticalView.m */,
			);
			path = DataCountViews;
			sourceTree = "<group>";
		};
		7B2EA3642521B880006F378A /* libraries */ = {
			isa = PBXGroup;
			children = (
				7B2EA3652521B8A3006F378A /* XLCircle */,
			);
			path = libraries;
			sourceTree = "<group>";
		};
		7B2EA3652521B8A3006F378A /* XLCircle */ = {
			isa = PBXGroup;
			children = (
				7B2EA36D2521CBDE006F378A /* XLCircle.h */,
				7B2EA36E2521CBDE006F378A /* XLCircle.m */,
				7B2EA36C2521CBDE006F378A /* XLCircleProgress.h */,
				7B2EA36F2521CBDE006F378A /* XLCircleProgress.m */,
			);
			path = XLCircle;
			sourceTree = "<group>";
		};
		7B49BFFE251333F3000F1009 = {
			isa = PBXGroup;
			children = (
				7B49C009251333F3000F1009 /* SSuite */,
				7B49C025251333F4000F1009 /* SSuiteTests */,
				7B49C030251333F4000F1009 /* SSuiteUITests */,
				7B49C008251333F3000F1009 /* Products */,
				FE2E073FBB1FA789E33A6340 /* Pods */,
				EB75D1E0A8E0779EFA749652 /* Frameworks */,
				7B49C3CE252065F1000F1009 /* Recovered References */,
			);
			sourceTree = "<group>";
		};
		7B49C008251333F3000F1009 /* Products */ = {
			isa = PBXGroup;
			children = (
				7B49C007251333F3000F1009 /* SSuite.app */,
				7B49C022251333F4000F1009 /* SSuiteTests.xctest */,
				7B49C02D251333F4000F1009 /* SSuiteUITests.xctest */,
			);
			name = Products;
			sourceTree = "<group>";
		};
		7B49C009251333F3000F1009 /* SSuite */ = {
			isa = PBXGroup;
			children = (
				7B2EA3642521B880006F378A /* libraries */,
				49835A4C251663C500AA0F7E /* Extension */,
				498359ED2516618600AA0F7E /* images */,
				491EB7152516557F00F40DBF /* SSuite.entitlements */,
				49835C06251BADD900AA0F7E /* Controllers */,
				7B49C04625135AD8000F1009 /* BaseView */,
				7B49C04025134C01000F1009 /* Util */,
				7B49C00A251333F3000F1009 /* AppDelegate.h */,
				7B49C00B251333F3000F1009 /* AppDelegate.m */,
				7B49C00D251333F3000F1009 /* SceneDelegate.h */,
				7B49C00E251333F3000F1009 /* SceneDelegate.m */,
				7B49C010251333F3000F1009 /* ViewController.h */,
				7B49C011251333F3000F1009 /* ViewController.m */,
				7B49C013251333F3000F1009 /* Main.storyboard */,
				7B49C016251333F4000F1009 /* Assets.xcassets */,
				7B49C018251333F4000F1009 /* LaunchScreen.storyboard */,
				7B49C01B251333F4000F1009 /* Info.plist */,
				7B49C01C251333F4000F1009 /* main.m */,
				4933F7E0251FB437002F36EB /* Fonts */,
				4933F7DE251FB0B3002F36EB /* noteFile */,
			);
			path = SSuite;
			sourceTree = "<group>";
		};
		7B49C025251333F4000F1009 /* SSuiteTests */ = {
			isa = PBXGroup;
			children = (
				7B49C026251333F4000F1009 /* SSuiteTests.m */,
				7B49C028251333F4000F1009 /* Info.plist */,
			);
			path = SSuiteTests;
			sourceTree = "<group>";
		};
		7B49C030251333F4000F1009 /* SSuiteUITests */ = {
			isa = PBXGroup;
			children = (
				7B49C031251333F4000F1009 /* SSuiteUITests.m */,
				7B49C033251333F4000F1009 /* Info.plist */,
			);
			path = SSuiteUITests;
			sourceTree = "<group>";
		};
		7B49C04025134C01000F1009 /* Util */ = {
			isa = PBXGroup;
			children = (
				7B49C04125134C4F000F1009 /* SSUtilities.h */,
				7B49C04225134C4F000F1009 /* SSUtilities.m */,
				7B49C0442513508C000F1009 /* SSuiteHeader.pch */,
				7B49C04525135195000F1009 /* SSPublicDefine.h */,
			);
			path = Util;
			sourceTree = "<group>";
		};
		7B49C04625135AD8000F1009 /* BaseView */ = {
			isa = PBXGroup;
			children = (
				7B49C04725135B1E000F1009 /* SSBaseCollectionView.h */,
				7B49C04825135B1E000F1009 /* SSBaseCollectionView.m */,
				7B49C04B25135D14000F1009 /* SSCollectionViewFlowLayout.h */,
				7B49C04C25135D14000F1009 /* SSCollectionViewFlowLayout.m */,
				490BA21825164D0A005E9079 /* SSBaseViewController.h */,
				490BA21925164D0A005E9079 /* SSBaseViewController.m */,
			);
			path = BaseView;
			sourceTree = "<group>";
		};
		7B49C3B2251C3A10000F1009 /* VerticalChat */ = {
			isa = PBXGroup;
			children = (
				7B49C3BC251C3AB5000F1009 /* HistogramModel.h */,
				7B49C3BD251C3AB5000F1009 /* HistogramModel.m */,
				7B49C3B8251C3A10000F1009 /* HistogramColorView.h */,
				7B49C3B5251C3A10000F1009 /* HistogramColorView.m */,
				7B49C3B4251C3A10000F1009 /* DemoBMainTopView.h */,
				7B49C3B6251C3A10000F1009 /* DemoBMainTopView.m */,
				7B49C3B7251C3A10000F1009 /* DemoBMainCell.h */,
				7B49C3B3251C3A10000F1009 /* DemoBMainCell.m */,
			);
			path = VerticalChat;
			sourceTree = "<group>";
		};
		7B49C3CE252065F1000F1009 /* Recovered References */ = {
			isa = PBXGroup;
			children = (
			);
			name = "Recovered References";
			sourceTree = "<group>";
		};
		EB75D1E0A8E0779EFA749652 /* Frameworks */ = {
			isa = PBXGroup;
			children = (
				44AFCBBDDEFF38ADC0CEB386 /* libPods-SSuite.a */,
			);
			name = Frameworks;
			sourceTree = "<group>";
		};
		FE2E073FBB1FA789E33A6340 /* Pods */ = {
			isa = PBXGroup;
			children = (
				580FCAC6EC99FC39308AFE05 /* Pods-SSuite.debug.xcconfig */,
				52DF05FA73D7FE081C903EC7 /* Pods-SSuite.release.xcconfig */,
			);
			path = Pods;
			sourceTree = "<group>";
		};
/* End PBXGroup section */

/* Begin PBXNativeTarget section */
		7B49C006251333F3000F1009 /* SSuite */ = {
			isa = PBXNativeTarget;
			buildConfigurationList = 7B49C036251333F4000F1009 /* Build configuration list for PBXNativeTarget "SSuite" */;
			buildPhases = (
				46CEE41144781960256ECAC2 /* [CP] Check Pods Manifest.lock */,
				7B49C003251333F3000F1009 /* Sources */,
				7B49C004251333F3000F1009 /* Frameworks */,
				7B49C005251333F3000F1009 /* Resources */,
			);
			buildRules = (
			);
			dependencies = (
			);
			name = SSuite;
			productName = SSuite;
			productReference = 7B49C007251333F3000F1009 /* SSuite.app */;
			productType = "com.apple.product-type.application";
		};
		7B49C021251333F4000F1009 /* SSuiteTests */ = {
			isa = PBXNativeTarget;
			buildConfigurationList = 7B49C039251333F4000F1009 /* Build configuration list for PBXNativeTarget "SSuiteTests" */;
			buildPhases = (
				7B49C01E251333F4000F1009 /* Sources */,
				7B49C01F251333F4000F1009 /* Frameworks */,
				7B49C020251333F4000F1009 /* Resources */,
			);
			buildRules = (
			);
			dependencies = (
				7B49C024251333F4000F1009 /* PBXTargetDependency */,
			);
			name = SSuiteTests;
			productName = SSuiteTests;
			productReference = 7B49C022251333F4000F1009 /* SSuiteTests.xctest */;
			productType = "com.apple.product-type.bundle.unit-test";
		};
		7B49C02C251333F4000F1009 /* SSuiteUITests */ = {
			isa = PBXNativeTarget;
			buildConfigurationList = 7B49C03C251333F4000F1009 /* Build configuration list for PBXNativeTarget "SSuiteUITests" */;
			buildPhases = (
				7B49C029251333F4000F1009 /* Sources */,
				7B49C02A251333F4000F1009 /* Frameworks */,
				7B49C02B251333F4000F1009 /* Resources */,
			);
			buildRules = (
			);
			dependencies = (
				7B49C02F251333F4000F1009 /* PBXTargetDependency */,
			);
			name = SSuiteUITests;
			productName = SSuiteUITests;
			productReference = 7B49C02D251333F4000F1009 /* SSuiteUITests.xctest */;
			productType = "com.apple.product-type.bundle.ui-testing";
		};
/* End PBXNativeTarget section */

/* Begin PBXProject section */
		7B49BFFF251333F3000F1009 /* Project object */ = {
			isa = PBXProject;
			attributes = {
				CLASSPREFIX = SS;
				LastUpgradeCheck = 1150;
				ORGANIZATIONNAME = ssuite;
				TargetAttributes = {
					7B49C006251333F3000F1009 = {
						CreatedOnToolsVersion = 11.5;
					};
					7B49C021251333F4000F1009 = {
						CreatedOnToolsVersion = 11.5;
						TestTargetID = 7B49C006251333F3000F1009;
					};
					7B49C02C251333F4000F1009 = {
						CreatedOnToolsVersion = 11.5;
						TestTargetID = 7B49C006251333F3000F1009;
					};
				};
			};
			buildConfigurationList = 7B49C002251333F3000F1009 /* Build configuration list for PBXProject "SSuite" */;
			compatibilityVersion = "Xcode 9.3";
			developmentRegion = en;
			hasScannedForEncodings = 0;
			knownRegions = (
				en,
				Base,
			);
			mainGroup = 7B49BFFE251333F3000F1009;
			productRefGroup = 7B49C008251333F3000F1009 /* Products */;
			projectDirPath = "";
			projectRoot = "";
			targets = (
				7B49C006251333F3000F1009 /* SSuite */,
				7B49C021251333F4000F1009 /* SSuiteTests */,
				7B49C02C251333F4000F1009 /* SSuiteUITests */,
			);
		};
/* End PBXProject section */

/* Begin PBXResourcesBuildPhase section */
		7B49C005251333F3000F1009 /* Resources */ = {
			isa = PBXResourcesBuildPhase;
			buildActionMask = 2147483647;
			files = (
				7B2EA34A25207714006F378A /* msyh.ttf in Resources */,
				49835A5F2516960D00AA0F7E /* placeholdimg2@2x.png in Resources */,
				4933F7D7251FA1F0002F36EB /* data_list_bg@2x.png in Resources */,
				49835A4B251661E200AA0F7E /* placeholdimg1@2x.png in Resources */,
				7B49C01A251333F4000F1009 /* LaunchScreen.storyboard in Resources */,
				4933F7E2251FB4AB002F36EB /* DINPro-Bold.otf in Resources */,
				4933F7EE251FC0AE002F36EB /* groupWrite@2x.png in Resources */,
				49835C66251BAF9600AA0F7E /* ceshituxiang.png in Resources */,
				49835A842517C40700AA0F7E /* Tab_Home_selected@2x.png in Resources */,
				4933F7DC251FAF82002F36EB /* dinpro-medium.ttf in Resources */,
				4933F7DF251FB0B3002F36EB /* noteFile in Resources */,
				7B49C017251333F4000F1009 /* Assets.xcassets in Resources */,
				4933F7EB251FB95A002F36EB /* DIN-Alternate-Bold.ttf in Resources */,
				49835A6E2517A70D00AA0F7E /* sc_home_banner@2x.png in Resources */,
				7B49C3CF25206C7A000F1009 /* Main.storyboard in Resources */,
				49835A6C2517A57600AA0F7E /* sc_down_arrow@2x.png in Resources */,
				49835A852517C40700AA0F7E /* Tab_Home@2x.png in Resources */,
			);
			runOnlyForDeploymentPostprocessing = 0;
		};
		7B49C020251333F4000F1009 /* Resources */ = {
			isa = PBXResourcesBuildPhase;
			buildActionMask = 2147483647;
			files = (
				4933F7EC251FB97C002F36EB /* DIN-Alternate-Bold.ttf in Resources */,
				4933F7E3251FB4D9002F36EB /* DINPro-Bold.otf in Resources */,
				4933F7DD251FAFC3002F36EB /* dinpro-medium.ttf in Resources */,
			);
			runOnlyForDeploymentPostprocessing = 0;
		};
		7B49C02B251333F4000F1009 /* Resources */ = {
			isa = PBXResourcesBuildPhase;
			buildActionMask = 2147483647;
			files = (
			);
			runOnlyForDeploymentPostprocessing = 0;
		};
/* End PBXResourcesBuildPhase section */

/* Begin PBXShellScriptBuildPhase section */
		46CEE41144781960256ECAC2 /* [CP] Check Pods Manifest.lock */ = {
			isa = PBXShellScriptBuildPhase;
			buildActionMask = 2147483647;
			files = (
			);
			inputFileListPaths = (
			);
			inputPaths = (
				"${PODS_PODFILE_DIR_PATH}/Podfile.lock",
				"${PODS_ROOT}/Manifest.lock",
			);
			name = "[CP] Check Pods Manifest.lock";
			outputFileListPaths = (
			);
			outputPaths = (
				"$(DERIVED_FILE_DIR)/Pods-SSuite-checkManifestLockResult.txt",
			);
			runOnlyForDeploymentPostprocessing = 0;
			shellPath = /bin/sh;
			shellScript = "diff \"${PODS_PODFILE_DIR_PATH}/Podfile.lock\" \"${PODS_ROOT}/Manifest.lock\" > /dev/null\nif [ $? != 0 ] ; then\n    # print error to STDERR\n    echo \"error: The sandbox is not in sync with the Podfile.lock. Run 'pod install' or update your CocoaPods installation.\" >&2\n    exit 1\nfi\n# This output is used by Xcode 'outputs' to avoid re-running this script phase.\necho \"SUCCESS\" > \"${SCRIPT_OUTPUT_FILE_0}\"\n";
			showEnvVarsInLog = 0;
		};
/* End PBXShellScriptBuildPhase section */

/* Begin PBXSourcesBuildPhase section */
		7B49C003251333F3000F1009 /* Sources */ = {
			isa = PBXSourcesBuildPhase;
			buildActionMask = 2147483647;
			files = (
				7B49C3BB251C3A10000F1009 /* DemoBMainTopView.m in Sources */,
				7B49C012251333F3000F1009 /* ViewController.m in Sources */,
				7B49C3BE251C3AB5000F1009 /* HistogramModel.m in Sources */,
				49835C60251BADD900AA0F7E /* SSRataHorizontalLine.m in Sources */,
				7B49C3D52520725E000F1009 /* SSDataCountGenderCell.m in Sources */,
				49835C62251BADD900AA0F7E /* SSDataRingChartCell.m in Sources */,
				490BA21A25164D0A005E9079 /* SSBaseViewController.m in Sources */,
				49835C63251BADD900AA0F7E /* SSScrollView.m in Sources */,
				49835C59251BADD900AA0F7E /* SSDataTotalViewController.m in Sources */,
				7B49C04925135B1E000F1009 /* SSBaseCollectionView.m in Sources */,
				49835C57251BADD900AA0F7E /* SSDataViewController.m in Sources */,
				7B49C04325134C4F000F1009 /* SSUtilities.m in Sources */,
				7B49C00C251333F3000F1009 /* AppDelegate.m in Sources */,
				49835C58251BADD900AA0F7E /* SSDataRateViewController.m in Sources */,
				49835C4E251BADD900AA0F7E /* SSMatterActionDoCell.m in Sources */,
				7B49C3C7251C3EF9000F1009 /* SSDataVerticalLineChartCell.m in Sources */,
				49835C54251BADD900AA0F7E /* SSStatusViewController.m in Sources */,
				49835C64251BADD900AA0F7E /* SSDataTotalGainBreakLineView.m in Sources */,
				49835A4F2516643D00AA0F7E /* UIColor+SSEx.m in Sources */,
				49835C5F251BADD900AA0F7E /* SSSingleTitleView.m in Sources */,
				7B2EA3702521CBDE006F378A /* XLCircle.m in Sources */,
				49835A6A2517A4F200AA0F7E /* UIButton+SCEextension.m in Sources */,
				7B2EA34D25208926006F378A /* SSDataCountAgeCell.m in Sources */,
				4933F7D4251F9EC9002F36EB /* SSDataCountMainCell.m in Sources */,
				49835C5D251BADD900AA0F7E /* SSDataTotalBreakCell.m in Sources */,
				49835C5B251BADD900AA0F7E /* SSDataTotalBtnsView.m in Sources */,
				49835C4A251BADD900AA0F7E /* SSRadiuBottomCollectionView.m in Sources */,
				49835C49251BADD900AA0F7E /* SSMatterViewController.m in Sources */,
				7B49C01D251333F4000F1009 /* main.m in Sources */,
				49835C4F251BADD900AA0F7E /* SSRadiuTopCollectionView.m in Sources */,
				49835C53251BADD900AA0F7E /* SSHouseStatusCell.m in Sources */,
				49835C51251BADD900AA0F7E /* SSMatterDeviceCell.m in Sources */,
				49835C5A251BADD900AA0F7E /* SSDataTopTypeItem.m in Sources */,
				49835C5C251BADD900AA0F7E /* SSDataTotalRankCell.m in Sources */,
				7B49C00F251333F3000F1009 /* SceneDelegate.m in Sources */,
				7B2EA3742521DEEA006F378A /* SSDataCountEduCell.m in Sources */,
				7B49C04D25135D14000F1009 /* SSCollectionViewFlowLayout.m in Sources */,
				49835C55251BADD900AA0F7E /* SSPersonalViewController.m in Sources */,
				49835C4C251BADD900AA0F7E /* SSMatterGridCollectionCell.m in Sources */,
				7B2EA35025208AD6006F378A /* SSDataCountAgeVerticalView.m in Sources */,
				49835C4B251BADD900AA0F7E /* SSMatterItemCell.m in Sources */,
				7B2EA3712521CBDE006F378A /* XLCircleProgress.m in Sources */,
				7B49C3B9251C3A10000F1009 /* DemoBMainCell.m in Sources */,
				49835C5E251BADD900AA0F7E /* SSRataRingChartView.m in Sources */,
				49835C52251BADD900AA0F7E /* SSTabBarController.m in Sources */,
				49835C50251BADD900AA0F7E /* SSMatterTitleView.m in Sources */,
				49835C56251BADD900AA0F7E /* SSDataCountViewController.m in Sources */,
				49835C4D251BADD900AA0F7E /* SSLeftRightCollectionView.m in Sources */,
				7B49C3BA251C3A10000F1009 /* HistogramColorView.m in Sources */,
			);
			runOnlyForDeploymentPostprocessing = 0;
		};
		7B49C01E251333F4000F1009 /* Sources */ = {
			isa = PBXSourcesBuildPhase;
			buildActionMask = 2147483647;
			files = (
				7B49C027251333F4000F1009 /* SSuiteTests.m in Sources */,
			);
			runOnlyForDeploymentPostprocessing = 0;
		};
		7B49C029251333F4000F1009 /* Sources */ = {
			isa = PBXSourcesBuildPhase;
			buildActionMask = 2147483647;
			files = (
				7B49C032251333F4000F1009 /* SSuiteUITests.m in Sources */,
			);
			runOnlyForDeploymentPostprocessing = 0;
		};
/* End PBXSourcesBuildPhase section */

/* Begin PBXTargetDependency section */
		7B49C024251333F4000F1009 /* PBXTargetDependency */ = {
			isa = PBXTargetDependency;
			target = 7B49C006251333F3000F1009 /* SSuite */;
			targetProxy = 7B49C023251333F4000F1009 /* PBXContainerItemProxy */;
		};
		7B49C02F251333F4000F1009 /* PBXTargetDependency */ = {
			isa = PBXTargetDependency;
			target = 7B49C006251333F3000F1009 /* SSuite */;
			targetProxy = 7B49C02E251333F4000F1009 /* PBXContainerItemProxy */;
		};
/* End PBXTargetDependency section */

/* Begin PBXVariantGroup section */
		7B49C013251333F3000F1009 /* Main.storyboard */ = {
			isa = PBXVariantGroup;
			children = (
				7B49C014251333F3000F1009 /* Base */,
			);
			name = Main.storyboard;
			sourceTree = "<group>";
		};
		7B49C018251333F4000F1009 /* LaunchScreen.storyboard */ = {
			isa = PBXVariantGroup;
			children = (
				7B49C019251333F4000F1009 /* Base */,
			);
			name = LaunchScreen.storyboard;
			sourceTree = "<group>";
		};
/* End PBXVariantGroup section */

/* Begin XCBuildConfiguration section */
		7B49C034251333F4000F1009 /* Debug */ = {
			isa = XCBuildConfiguration;
			buildSettings = {
				ALWAYS_SEARCH_USER_PATHS = NO;
				CLANG_ANALYZER_NONNULL = YES;
				CLANG_ANALYZER_NUMBER_OBJECT_CONVERSION = YES_AGGRESSIVE;
				CLANG_CXX_LANGUAGE_STANDARD = "gnu++14";
				CLANG_CXX_LIBRARY = "libc++";
				CLANG_ENABLE_MODULES = YES;
				CLANG_ENABLE_OBJC_ARC = YES;
				CLANG_ENABLE_OBJC_WEAK = YES;
				CLANG_WARN_BLOCK_CAPTURE_AUTORELEASING = YES;
				CLANG_WARN_BOOL_CONVERSION = YES;
				CLANG_WARN_COMMA = YES;
				CLANG_WARN_CONSTANT_CONVERSION = YES;
				CLANG_WARN_DEPRECATED_OBJC_IMPLEMENTATIONS = YES;
				CLANG_WARN_DIRECT_OBJC_ISA_USAGE = YES_ERROR;
				CLANG_WARN_DOCUMENTATION_COMMENTS = YES;
				CLANG_WARN_EMPTY_BODY = YES;
				CLANG_WARN_ENUM_CONVERSION = YES;
				CLANG_WARN_INFINITE_RECURSION = YES;
				CLANG_WARN_INT_CONVERSION = YES;
				CLANG_WARN_NON_LITERAL_NULL_CONVERSION = YES;
				CLANG_WARN_OBJC_IMPLICIT_RETAIN_SELF = YES;
				CLANG_WARN_OBJC_LITERAL_CONVERSION = YES;
				CLANG_WARN_OBJC_ROOT_CLASS = YES_ERROR;
				CLANG_WARN_RANGE_LOOP_ANALYSIS = YES;
				CLANG_WARN_STRICT_PROTOTYPES = YES;
				CLANG_WARN_SUSPICIOUS_MOVE = YES;
				CLANG_WARN_UNGUARDED_AVAILABILITY = YES_AGGRESSIVE;
				CLANG_WARN_UNREACHABLE_CODE = YES;
				CLANG_WARN__DUPLICATE_METHOD_MATCH = YES;
				COPY_PHASE_STRIP = NO;
				DEBUG_INFORMATION_FORMAT = dwarf;
				ENABLE_STRICT_OBJC_MSGSEND = YES;
				ENABLE_TESTABILITY = YES;
				GCC_C_LANGUAGE_STANDARD = gnu11;
				GCC_DYNAMIC_NO_PIC = NO;
				GCC_NO_COMMON_BLOCKS = YES;
				GCC_OPTIMIZATION_LEVEL = 0;
				GCC_PREPROCESSOR_DEFINITIONS = (
					"DEBUG=1",
					"$(inherited)",
				);
				GCC_WARN_64_TO_32_BIT_CONVERSION = YES;
				GCC_WARN_ABOUT_RETURN_TYPE = YES_ERROR;
				GCC_WARN_UNDECLARED_SELECTOR = YES;
				GCC_WARN_UNINITIALIZED_AUTOS = YES_AGGRESSIVE;
				GCC_WARN_UNUSED_FUNCTION = YES;
				GCC_WARN_UNUSED_VARIABLE = YES;
				IPHONEOS_DEPLOYMENT_TARGET = 9.0;
				MTL_ENABLE_DEBUG_INFO = INCLUDE_SOURCE;
				MTL_FAST_MATH = YES;
				ONLY_ACTIVE_ARCH = YES;
				SDKROOT = iphoneos;
			};
			name = Debug;
		};
		7B49C035251333F4000F1009 /* Release */ = {
			isa = XCBuildConfiguration;
			buildSettings = {
				ALWAYS_SEARCH_USER_PATHS = NO;
				CLANG_ANALYZER_NONNULL = YES;
				CLANG_ANALYZER_NUMBER_OBJECT_CONVERSION = YES_AGGRESSIVE;
				CLANG_CXX_LANGUAGE_STANDARD = "gnu++14";
				CLANG_CXX_LIBRARY = "libc++";
				CLANG_ENABLE_MODULES = YES;
				CLANG_ENABLE_OBJC_ARC = YES;
				CLANG_ENABLE_OBJC_WEAK = YES;
				CLANG_WARN_BLOCK_CAPTURE_AUTORELEASING = YES;
				CLANG_WARN_BOOL_CONVERSION = YES;
				CLANG_WARN_COMMA = YES;
				CLANG_WARN_CONSTANT_CONVERSION = YES;
				CLANG_WARN_DEPRECATED_OBJC_IMPLEMENTATIONS = YES;
				CLANG_WARN_DIRECT_OBJC_ISA_USAGE = YES_ERROR;
				CLANG_WARN_DOCUMENTATION_COMMENTS = YES;
				CLANG_WARN_EMPTY_BODY = YES;
				CLANG_WARN_ENUM_CONVERSION = YES;
				CLANG_WARN_INFINITE_RECURSION = YES;
				CLANG_WARN_INT_CONVERSION = YES;
				CLANG_WARN_NON_LITERAL_NULL_CONVERSION = YES;
				CLANG_WARN_OBJC_IMPLICIT_RETAIN_SELF = YES;
				CLANG_WARN_OBJC_LITERAL_CONVERSION = YES;
				CLANG_WARN_OBJC_ROOT_CLASS = YES_ERROR;
				CLANG_WARN_RANGE_LOOP_ANALYSIS = YES;
				CLANG_WARN_STRICT_PROTOTYPES = YES;
				CLANG_WARN_SUSPICIOUS_MOVE = YES;
				CLANG_WARN_UNGUARDED_AVAILABILITY = YES_AGGRESSIVE;
				CLANG_WARN_UNREACHABLE_CODE = YES;
				CLANG_WARN__DUPLICATE_METHOD_MATCH = YES;
				COPY_PHASE_STRIP = NO;
				DEBUG_INFORMATION_FORMAT = "dwarf-with-dsym";
				ENABLE_NS_ASSERTIONS = NO;
				ENABLE_STRICT_OBJC_MSGSEND = YES;
				GCC_C_LANGUAGE_STANDARD = gnu11;
				GCC_NO_COMMON_BLOCKS = YES;
				GCC_WARN_64_TO_32_BIT_CONVERSION = YES;
				GCC_WARN_ABOUT_RETURN_TYPE = YES_ERROR;
				GCC_WARN_UNDECLARED_SELECTOR = YES;
				GCC_WARN_UNINITIALIZED_AUTOS = YES_AGGRESSIVE;
				GCC_WARN_UNUSED_FUNCTION = YES;
				GCC_WARN_UNUSED_VARIABLE = YES;
				IPHONEOS_DEPLOYMENT_TARGET = 9.0;
				MTL_ENABLE_DEBUG_INFO = NO;
				MTL_FAST_MATH = YES;
				SDKROOT = iphoneos;
				VALIDATE_PRODUCT = YES;
			};
			name = Release;
		};
		7B49C037251333F4000F1009 /* Debug */ = {
			isa = XCBuildConfiguration;
			baseConfigurationReference = 580FCAC6EC99FC39308AFE05 /* Pods-SSuite.debug.xcconfig */;
			buildSettings = {
				ASSETCATALOG_COMPILER_APPICON_NAME = AppIcon;
				CODE_SIGN_ENTITLEMENTS = SSuite/SSuite.entitlements;
				CODE_SIGN_IDENTITY = "Apple Development";
				CODE_SIGN_STYLE = Automatic;
				DEVELOPMENT_TEAM = ZL2498CWZ2;
				GCC_INCREASE_PRECOMPILED_HEADER_SHARING = NO;
				GCC_PREFIX_HEADER = "$(SRCROOT)/SSuite/Util/SSuiteHeader.pch";
				INFOPLIST_FILE = SSuite/Info.plist;
				LD_RUNPATH_SEARCH_PATHS = (
					"$(inherited)",
					"@executable_path/Frameworks",
				);
				PRODUCT_BUNDLE_IDENTIFIER = com.zt.DingReport;
				PRODUCT_NAME = "$(TARGET_NAME)";
				PROVISIONING_PROFILE_SPECIFIER = "";
				SUPPORTS_MACCATALYST = NO;
				TARGETED_DEVICE_FAMILY = "1,2";
			};
			name = Debug;
		};
		7B49C038251333F4000F1009 /* Release */ = {
			isa = XCBuildConfiguration;
			baseConfigurationReference = 52DF05FA73D7FE081C903EC7 /* Pods-SSuite.release.xcconfig */;
			buildSettings = {
				ASSETCATALOG_COMPILER_APPICON_NAME = AppIcon;
				CODE_SIGN_ENTITLEMENTS = SSuite/SSuite.entitlements;
				CODE_SIGN_IDENTITY = "Apple Development";
				CODE_SIGN_STYLE = Automatic;
				DEVELOPMENT_TEAM = ZL2498CWZ2;
				GCC_INCREASE_PRECOMPILED_HEADER_SHARING = NO;
				GCC_PREFIX_HEADER = "$(SRCROOT)/SSuite/Util/SSuiteHeader.pch";
				INFOPLIST_FILE = SSuite/Info.plist;
				LD_RUNPATH_SEARCH_PATHS = (
					"$(inherited)",
					"@executable_path/Frameworks",
				);
				PRODUCT_BUNDLE_IDENTIFIER = com.zt.DingReport;
				PRODUCT_NAME = "$(TARGET_NAME)";
				PROVISIONING_PROFILE_SPECIFIER = "";
				SUPPORTS_MACCATALYST = NO;
				TARGETED_DEVICE_FAMILY = "1,2";
			};
			name = Release;
		};
		7B49C03A251333F4000F1009 /* Debug */ = {
			isa = XCBuildConfiguration;
			buildSettings = {
				BUNDLE_LOADER = "$(TEST_HOST)";
				CODE_SIGN_STYLE = Automatic;
				INFOPLIST_FILE = SSuiteTests/Info.plist;
				IPHONEOS_DEPLOYMENT_TARGET = 13.5;
				LD_RUNPATH_SEARCH_PATHS = (
					"$(inherited)",
					"@executable_path/Frameworks",
					"@loader_path/Frameworks",
				);
				PRODUCT_BUNDLE_IDENTIFIER = com.zt.demo.SSuiteTests;
				PRODUCT_NAME = "$(TARGET_NAME)";
				TARGETED_DEVICE_FAMILY = "1,2";
				TEST_HOST = "$(BUILT_PRODUCTS_DIR)/SSuite.app/SSuite";
			};
			name = Debug;
		};
		7B49C03B251333F4000F1009 /* Release */ = {
			isa = XCBuildConfiguration;
			buildSettings = {
				BUNDLE_LOADER = "$(TEST_HOST)";
				CODE_SIGN_STYLE = Automatic;
				INFOPLIST_FILE = SSuiteTests/Info.plist;
				IPHONEOS_DEPLOYMENT_TARGET = 13.5;
				LD_RUNPATH_SEARCH_PATHS = (
					"$(inherited)",
					"@executable_path/Frameworks",
					"@loader_path/Frameworks",
				);
				PRODUCT_BUNDLE_IDENTIFIER = com.zt.demo.SSuiteTests;
				PRODUCT_NAME = "$(TARGET_NAME)";
				TARGETED_DEVICE_FAMILY = "1,2";
				TEST_HOST = "$(BUILT_PRODUCTS_DIR)/SSuite.app/SSuite";
			};
			name = Release;
		};
		7B49C03D251333F4000F1009 /* Debug */ = {
			isa = XCBuildConfiguration;
			buildSettings = {
				CODE_SIGN_STYLE = Automatic;
				INFOPLIST_FILE = SSuiteUITests/Info.plist;
				LD_RUNPATH_SEARCH_PATHS = (
					"$(inherited)",
					"@executable_path/Frameworks",
					"@loader_path/Frameworks",
				);
				PRODUCT_BUNDLE_IDENTIFIER = com.zt.demo.SSuiteUITests;
				PRODUCT_NAME = "$(TARGET_NAME)";
				TARGETED_DEVICE_FAMILY = "1,2";
				TEST_TARGET_NAME = SSuite;
			};
			name = Debug;
		};
		7B49C03E251333F4000F1009 /* Release */ = {
			isa = XCBuildConfiguration;
			buildSettings = {
				CODE_SIGN_STYLE = Automatic;
				INFOPLIST_FILE = SSuiteUITests/Info.plist;
				LD_RUNPATH_SEARCH_PATHS = (
					"$(inherited)",
					"@executable_path/Frameworks",
					"@loader_path/Frameworks",
				);
				PRODUCT_BUNDLE_IDENTIFIER = com.zt.demo.SSuiteUITests;
				PRODUCT_NAME = "$(TARGET_NAME)";
				TARGETED_DEVICE_FAMILY = "1,2";
				TEST_TARGET_NAME = SSuite;
			};
			name = Release;
		};
/* End XCBuildConfiguration section */

/* Begin XCConfigurationList section */
		7B49C002251333F3000F1009 /* Build configuration list for PBXProject "SSuite" */ = {
			isa = XCConfigurationList;
			buildConfigurations = (
				7B49C034251333F4000F1009 /* Debug */,
				7B49C035251333F4000F1009 /* Release */,
			);
			defaultConfigurationIsVisible = 0;
			defaultConfigurationName = Release;
		};
		7B49C036251333F4000F1009 /* Build configuration list for PBXNativeTarget "SSuite" */ = {
			isa = XCConfigurationList;
			buildConfigurations = (
				7B49C037251333F4000F1009 /* Debug */,
				7B49C038251333F4000F1009 /* Release */,
			);
			defaultConfigurationIsVisible = 0;
			defaultConfigurationName = Release;
		};
		7B49C039251333F4000F1009 /* Build configuration list for PBXNativeTarget "SSuiteTests" */ = {
			isa = XCConfigurationList;
			buildConfigurations = (
				7B49C03A251333F4000F1009 /* Debug */,
				7B49C03B251333F4000F1009 /* Release */,
			);
			defaultConfigurationIsVisible = 0;
			defaultConfigurationName = Release;
		};
		7B49C03C251333F4000F1009 /* Build configuration list for PBXNativeTarget "SSuiteUITests" */ = {
			isa = XCConfigurationList;
			buildConfigurations = (
				7B49C03D251333F4000F1009 /* Debug */,
				7B49C03E251333F4000F1009 /* Release */,
			);
			defaultConfigurationIsVisible = 0;
			defaultConfigurationName = Release;
		};
/* End XCConfigurationList section */
	};
	rootObject = 7B49BFFF251333F3000F1009 /* Project object */;
}
