// !$*UTF8*$!
{
	archiveVersion = 1;
	classes = {
	};
	objectVersion = 50;
	objects = {

/* Begin PBXBuildFile section */
		18351EC36F94B8453E687D5A /* libPods-SSuite.a in Frameworks */ = {isa = PBXBuildFile; fileRef = 44AFCBBDDEFF38ADC0CEB386 /* libPods-SSuite.a */; };
		490BA21A25164D0A005E9079 /* SSBaseViewController.m in Sources */ = {isa = PBXBuildFile; fileRef = 490BA21925164D0A005E9079 /* SSBaseViewController.m */; };
		491EB71D2516571500F40DBF /* SSMatterGridCollectionCell.m in Sources */ = {isa = PBXBuildFile; fileRef = 491EB71A2516571500F40DBF /* SSMatterGridCollectionCell.m */; };
		49835A4B251661E200AA0F7E /* placeholdimg1@2x.png in Resources */ = {isa = PBXBuildFile; fileRef = 49835A4A251661E200AA0F7E /* placeholdimg1@2x.png */; };
		49835A4F2516643D00AA0F7E /* UIColor+SSEx.m in Sources */ = {isa = PBXBuildFile; fileRef = 49835A4E2516643D00AA0F7E /* UIColor+SSEx.m */; };
		49835A522516684700AA0F7E /* SSMatterTitleView.m in Sources */ = {isa = PBXBuildFile; fileRef = 49835A512516684700AA0F7E /* SSMatterTitleView.m */; };
		49835A5525166D3000AA0F7E /* SSRadiuTopCollectionView.m in Sources */ = {isa = PBXBuildFile; fileRef = 49835A5425166D3000AA0F7E /* SSRadiuTopCollectionView.m */; };
		49835A5825166D4F00AA0F7E /* SSRadiuBottomCollectionView.m in Sources */ = {isa = PBXBuildFile; fileRef = 49835A5725166D4F00AA0F7E /* SSRadiuBottomCollectionView.m */; };
		49835A5B2516902B00AA0F7E /* SSLeftRightCollectionView.m in Sources */ = {isa = PBXBuildFile; fileRef = 49835A5A2516902B00AA0F7E /* SSLeftRightCollectionView.m */; };
		49835A5F2516960D00AA0F7E /* placeholdimg2@2x.png in Resources */ = {isa = PBXBuildFile; fileRef = 49835A5E2516960D00AA0F7E /* placeholdimg2@2x.png */; };
		49835A612516991700AA0F7E /* sc_right_arrow@2x.png in Resources */ = {isa = PBXBuildFile; fileRef = 49835A602516991700AA0F7E /* sc_right_arrow@2x.png */; };
		49835A642516A29500AA0F7E /* SSMatterItemCell.m in Sources */ = {isa = PBXBuildFile; fileRef = 49835A632516A29500AA0F7E /* SSMatterItemCell.m */; };
		49835A67251794FF00AA0F7E /* SSMatterActionDoCell.m in Sources */ = {isa = PBXBuildFile; fileRef = 49835A66251794FF00AA0F7E /* SSMatterActionDoCell.m */; };
		49835A6A2517A4F200AA0F7E /* UIButton+SCEextension.m in Sources */ = {isa = PBXBuildFile; fileRef = 49835A682517A4F200AA0F7E /* UIButton+SCEextension.m */; };
		49835A6C2517A57600AA0F7E /* sc_down_arrow@2x.png in Resources */ = {isa = PBXBuildFile; fileRef = 49835A6B2517A57600AA0F7E /* sc_down_arrow@2x.png */; };
		49835A6E2517A70D00AA0F7E /* sc_home_banner@2x.png in Resources */ = {isa = PBXBuildFile; fileRef = 49835A6D2517A70D00AA0F7E /* sc_home_banner@2x.png */; };
		49835A712517B53500AA0F7E /* SSMatterDeviceCell.m in Sources */ = {isa = PBXBuildFile; fileRef = 49835A702517B53500AA0F7E /* SSMatterDeviceCell.m */; };
		49835A752517BEE000AA0F7E /* SSTabBarController.m in Sources */ = {isa = PBXBuildFile; fileRef = 49835A742517BEE000AA0F7E /* SSTabBarController.m */; };
		49835A7B2517C05200AA0F7E /* SSStatusViewController.m in Sources */ = {isa = PBXBuildFile; fileRef = 49835A7A2517C05200AA0F7E /* SSStatusViewController.m */; };
		49835A7E2517C06400AA0F7E /* SSDataViewController.m in Sources */ = {isa = PBXBuildFile; fileRef = 49835A7D2517C06400AA0F7E /* SSDataViewController.m */; };
		49835A812517C08300AA0F7E /* SSPersonalViewController.m in Sources */ = {isa = PBXBuildFile; fileRef = 49835A802517C08300AA0F7E /* SSPersonalViewController.m */; };
		49835A842517C40700AA0F7E /* Tab_Home_selected@2x.png in Resources */ = {isa = PBXBuildFile; fileRef = 49835A822517C40700AA0F7E /* Tab_Home_selected@2x.png */; };
		49835A852517C40700AA0F7E /* Tab_Home@2x.png in Resources */ = {isa = PBXBuildFile; fileRef = 49835A832517C40700AA0F7E /* Tab_Home@2x.png */; };
		49835A8C2517C5AE00AA0F7E /* SSHouseStatusCell.m in Sources */ = {isa = PBXBuildFile; fileRef = 49835A8B2517C5AE00AA0F7E /* SSHouseStatusCell.m */; };
		49835A902518792600AA0F7E /* SSDataTotalGainBreakLineView.m in Sources */ = {isa = PBXBuildFile; fileRef = 49835A8F2518792600AA0F7E /* SSDataTotalGainBreakLineView.m */; };
		49835A932518C45900AA0F7E /* SSScrollView.m in Sources */ = {isa = PBXBuildFile; fileRef = 49835A922518C45900AA0F7E /* SSScrollView.m */; };
		49835A992518C99F00AA0F7E /* SSDataTotalViewController.m in Sources */ = {isa = PBXBuildFile; fileRef = 49835A982518C99F00AA0F7E /* SSDataTotalViewController.m */; };
		49835A9C2518C9D400AA0F7E /* SSDataRateViewController.m in Sources */ = {isa = PBXBuildFile; fileRef = 49835A9B2518C9D400AA0F7E /* SSDataRateViewController.m */; };
		49835A9F2518C9F100AA0F7E /* SSDataCountViewController.m in Sources */ = {isa = PBXBuildFile; fileRef = 49835A9E2518C9F100AA0F7E /* SSDataCountViewController.m */; };
		49835AA22518CAA400AA0F7E /* SSDataTopTypeItem.m in Sources */ = {isa = PBXBuildFile; fileRef = 49835AA12518CAA400AA0F7E /* SSDataTopTypeItem.m */; };
		49835AA625190CCA00AA0F7E /* SSDataTotalBtnsView.m in Sources */ = {isa = PBXBuildFile; fileRef = 49835AA525190CCA00AA0F7E /* SSDataTotalBtnsView.m */; };
		49835AAB251A413300AA0F7E /* SSDataTotalBreakCell.m in Sources */ = {isa = PBXBuildFile; fileRef = 49835AA8251A413200AA0F7E /* SSDataTotalBreakCell.m */; };
		49835AAC251A413300AA0F7E /* SSDataTotalRankCell.m in Sources */ = {isa = PBXBuildFile; fileRef = 49835AA9251A413200AA0F7E /* SSDataTotalRankCell.m */; };
		49835AAF251A428000AA0F7E /* SSMatterViewController.m in Sources */ = {isa = PBXBuildFile; fileRef = 49835AAE251A428000AA0F7E /* SSMatterViewController.m */; };
		7B49C00C251333F3000F1009 /* AppDelegate.m in Sources */ = {isa = PBXBuildFile; fileRef = 7B49C00B251333F3000F1009 /* AppDelegate.m */; };
		7B49C00F251333F3000F1009 /* SceneDelegate.m in Sources */ = {isa = PBXBuildFile; fileRef = 7B49C00E251333F3000F1009 /* SceneDelegate.m */; };
		7B49C012251333F3000F1009 /* ViewController.m in Sources */ = {isa = PBXBuildFile; fileRef = 7B49C011251333F3000F1009 /* ViewController.m */; };
		7B49C015251333F3000F1009 /* Main.storyboard in Resources */ = {isa = PBXBuildFile; fileRef = 7B49C013251333F3000F1009 /* Main.storyboard */; };
		7B49C017251333F4000F1009 /* Assets.xcassets in Resources */ = {isa = PBXBuildFile; fileRef = 7B49C016251333F4000F1009 /* Assets.xcassets */; };
		7B49C01A251333F4000F1009 /* LaunchScreen.storyboard in Resources */ = {isa = PBXBuildFile; fileRef = 7B49C018251333F4000F1009 /* LaunchScreen.storyboard */; };
		7B49C01D251333F4000F1009 /* main.m in Sources */ = {isa = PBXBuildFile; fileRef = 7B49C01C251333F4000F1009 /* main.m */; };
		7B49C027251333F4000F1009 /* SSuiteTests.m in Sources */ = {isa = PBXBuildFile; fileRef = 7B49C026251333F4000F1009 /* SSuiteTests.m */; };
		7B49C032251333F4000F1009 /* SSuiteUITests.m in Sources */ = {isa = PBXBuildFile; fileRef = 7B49C031251333F4000F1009 /* SSuiteUITests.m */; };
		7B49C04325134C4F000F1009 /* SSUtilities.m in Sources */ = {isa = PBXBuildFile; fileRef = 7B49C04225134C4F000F1009 /* SSUtilities.m */; };
		7B49C04925135B1E000F1009 /* SSBaseCollectionView.m in Sources */ = {isa = PBXBuildFile; fileRef = 7B49C04825135B1E000F1009 /* SSBaseCollectionView.m */; };
		7B49C04D25135D14000F1009 /* SSCollectionViewFlowLayout.m in Sources */ = {isa = PBXBuildFile; fileRef = 7B49C04C25135D14000F1009 /* SSCollectionViewFlowLayout.m */; };
		7B49C05C251AF52B000F1009 /* SSSingleTitleView.m in Sources */ = {isa = PBXBuildFile; fileRef = 7B49C05B251AF52B000F1009 /* SSSingleTitleView.m */; };
		7B49C060251AF769000F1009 /* SSDataRingChartCell.m in Sources */ = {isa = PBXBuildFile; fileRef = 7B49C05F251AF769000F1009 /* SSDataRingChartCell.m */; };
		7B49C063251B1828000F1009 /* SSRataHorizontalLine.m in Sources */ = {isa = PBXBuildFile; fileRef = 7B49C062251B1828000F1009 /* SSRataHorizontalLine.m */; };
		7B49C066251B2189000F1009 /* SSRataRingChartView.m in Sources */ = {isa = PBXBuildFile; fileRef = 7B49C065251B2189000F1009 /* SSRataRingChartView.m */; };
		7B49C069251B4139000F1009 /* SSDataLineChartCell.m in Sources */ = {isa = PBXBuildFile; fileRef = 7B49C068251B4139000F1009 /* SSDataLineChartCell.m */; };
/* End PBXBuildFile section */

/* Begin PBXContainerItemProxy section */
		7B49C023251333F4000F1009 /* PBXContainerItemProxy */ = {
			isa = PBXContainerItemProxy;
			containerPortal = 7B49BFFF251333F3000F1009 /* Project object */;
			proxyType = 1;
			remoteGlobalIDString = 7B49C006251333F3000F1009;
			remoteInfo = SSuite;
		};
		7B49C02E251333F4000F1009 /* PBXContainerItemProxy */ = {
			isa = PBXContainerItemProxy;
			containerPortal = 7B49BFFF251333F3000F1009 /* Project object */;
			proxyType = 1;
			remoteGlobalIDString = 7B49C006251333F3000F1009;
			remoteInfo = SSuite;
		};
/* End PBXContainerItemProxy section */

/* Begin PBXFileReference section */
		44AFCBBDDEFF38ADC0CEB386 /* libPods-SSuite.a */ = {isa = PBXFileReference; explicitFileType = archive.ar; includeInIndex = 0; path = "libPods-SSuite.a"; sourceTree = BUILT_PRODUCTS_DIR; };
		490BA21825164D0A005E9079 /* SSBaseViewController.h */ = {isa = PBXFileReference; lastKnownFileType = sourcecode.c.h; path = SSBaseViewController.h; sourceTree = "<group>"; };
		490BA21925164D0A005E9079 /* SSBaseViewController.m */ = {isa = PBXFileReference; lastKnownFileType = sourcecode.c.objc; path = SSBaseViewController.m; sourceTree = "<group>"; };
		491EB7152516557F00F40DBF /* SSuite.entitlements */ = {isa = PBXFileReference; lastKnownFileType = text.plist.entitlements; path = SSuite.entitlements; sourceTree = "<group>"; };
		491EB71A2516571500F40DBF /* SSMatterGridCollectionCell.m */ = {isa = PBXFileReference; fileEncoding = 4; lastKnownFileType = sourcecode.c.objc; path = SSMatterGridCollectionCell.m; sourceTree = "<group>"; };
		491EB71B2516571500F40DBF /* SSMatterGridCollectionCell.h */ = {isa = PBXFileReference; fileEncoding = 4; lastKnownFileType = sourcecode.c.h; path = SSMatterGridCollectionCell.h; sourceTree = "<group>"; };
		49835A4A251661E200AA0F7E /* placeholdimg1@2x.png */ = {isa = PBXFileReference; lastKnownFileType = image.png; path = "placeholdimg1@2x.png"; sourceTree = "<group>"; };
		49835A4D2516643D00AA0F7E /* UIColor+SSEx.h */ = {isa = PBXFileReference; lastKnownFileType = sourcecode.c.h; path = "UIColor+SSEx.h"; sourceTree = "<group>"; };
		49835A4E2516643D00AA0F7E /* UIColor+SSEx.m */ = {isa = PBXFileReference; lastKnownFileType = sourcecode.c.objc; path = "UIColor+SSEx.m"; sourceTree = "<group>"; };
		49835A502516684700AA0F7E /* SSMatterTitleView.h */ = {isa = PBXFileReference; lastKnownFileType = sourcecode.c.h; path = SSMatterTitleView.h; sourceTree = "<group>"; };
		49835A512516684700AA0F7E /* SSMatterTitleView.m */ = {isa = PBXFileReference; lastKnownFileType = sourcecode.c.objc; path = SSMatterTitleView.m; sourceTree = "<group>"; };
		49835A5325166D3000AA0F7E /* SSRadiuTopCollectionView.h */ = {isa = PBXFileReference; lastKnownFileType = sourcecode.c.h; path = SSRadiuTopCollectionView.h; sourceTree = "<group>"; };
		49835A5425166D3000AA0F7E /* SSRadiuTopCollectionView.m */ = {isa = PBXFileReference; lastKnownFileType = sourcecode.c.objc; path = SSRadiuTopCollectionView.m; sourceTree = "<group>"; };
		49835A5625166D4F00AA0F7E /* SSRadiuBottomCollectionView.h */ = {isa = PBXFileReference; lastKnownFileType = sourcecode.c.h; path = SSRadiuBottomCollectionView.h; sourceTree = "<group>"; };
		49835A5725166D4F00AA0F7E /* SSRadiuBottomCollectionView.m */ = {isa = PBXFileReference; lastKnownFileType = sourcecode.c.objc; path = SSRadiuBottomCollectionView.m; sourceTree = "<group>"; };
		49835A592516902B00AA0F7E /* SSLeftRightCollectionView.h */ = {isa = PBXFileReference; lastKnownFileType = sourcecode.c.h; path = SSLeftRightCollectionView.h; sourceTree = "<group>"; };
		49835A5A2516902B00AA0F7E /* SSLeftRightCollectionView.m */ = {isa = PBXFileReference; lastKnownFileType = sourcecode.c.objc; path = SSLeftRightCollectionView.m; sourceTree = "<group>"; };
		49835A5E2516960D00AA0F7E /* placeholdimg2@2x.png */ = {isa = PBXFileReference; lastKnownFileType = image.png; path = "placeholdimg2@2x.png"; sourceTree = "<group>"; };
		49835A602516991700AA0F7E /* sc_right_arrow@2x.png */ = {isa = PBXFileReference; lastKnownFileType = image.png; path = "sc_right_arrow@2x.png"; sourceTree = "<group>"; };
		49835A622516A29500AA0F7E /* SSMatterItemCell.h */ = {isa = PBXFileReference; lastKnownFileType = sourcecode.c.h; path = SSMatterItemCell.h; sourceTree = "<group>"; };
		49835A632516A29500AA0F7E /* SSMatterItemCell.m */ = {isa = PBXFileReference; lastKnownFileType = sourcecode.c.objc; path = SSMatterItemCell.m; sourceTree = "<group>"; };
		49835A65251794FF00AA0F7E /* SSMatterActionDoCell.h */ = {isa = PBXFileReference; lastKnownFileType = sourcecode.c.h; path = SSMatterActionDoCell.h; sourceTree = "<group>"; };
		49835A66251794FF00AA0F7E /* SSMatterActionDoCell.m */ = {isa = PBXFileReference; lastKnownFileType = sourcecode.c.objc; path = SSMatterActionDoCell.m; sourceTree = "<group>"; };
		49835A682517A4F200AA0F7E /* UIButton+SCEextension.m */ = {isa = PBXFileReference; fileEncoding = 4; lastKnownFileType = sourcecode.c.objc; path = "UIButton+SCEextension.m"; sourceTree = "<group>"; };
		49835A692517A4F200AA0F7E /* UIButton+SCEextension.h */ = {isa = PBXFileReference; fileEncoding = 4; lastKnownFileType = sourcecode.c.h; path = "UIButton+SCEextension.h"; sourceTree = "<group>"; };
		49835A6B2517A57600AA0F7E /* sc_down_arrow@2x.png */ = {isa = PBXFileReference; lastKnownFileType = image.png; path = "sc_down_arrow@2x.png"; sourceTree = "<group>"; };
		49835A6D2517A70D00AA0F7E /* sc_home_banner@2x.png */ = {isa = PBXFileReference; lastKnownFileType = image.png; path = "sc_home_banner@2x.png"; sourceTree = "<group>"; };
		49835A6F2517B53500AA0F7E /* SSMatterDeviceCell.h */ = {isa = PBXFileReference; lastKnownFileType = sourcecode.c.h; path = SSMatterDeviceCell.h; sourceTree = "<group>"; };
		49835A702517B53500AA0F7E /* SSMatterDeviceCell.m */ = {isa = PBXFileReference; lastKnownFileType = sourcecode.c.objc; path = SSMatterDeviceCell.m; sourceTree = "<group>"; };
		49835A732517BEE000AA0F7E /* SSTabBarController.h */ = {isa = PBXFileReference; lastKnownFileType = sourcecode.c.h; path = SSTabBarController.h; sourceTree = "<group>"; };
		49835A742517BEE000AA0F7E /* SSTabBarController.m */ = {isa = PBXFileReference; lastKnownFileType = sourcecode.c.objc; path = SSTabBarController.m; sourceTree = "<group>"; };
		49835A792517C05200AA0F7E /* SSStatusViewController.h */ = {isa = PBXFileReference; lastKnownFileType = sourcecode.c.h; path = SSStatusViewController.h; sourceTree = "<group>"; };
		49835A7A2517C05200AA0F7E /* SSStatusViewController.m */ = {isa = PBXFileReference; lastKnownFileType = sourcecode.c.objc; path = SSStatusViewController.m; sourceTree = "<group>"; };
		49835A7C2517C06400AA0F7E /* SSDataViewController.h */ = {isa = PBXFileReference; lastKnownFileType = sourcecode.c.h; path = SSDataViewController.h; sourceTree = "<group>"; };
		49835A7D2517C06400AA0F7E /* SSDataViewController.m */ = {isa = PBXFileReference; lastKnownFileType = sourcecode.c.objc; path = SSDataViewController.m; sourceTree = "<group>"; };
		49835A7F2517C08300AA0F7E /* SSPersonalViewController.h */ = {isa = PBXFileReference; lastKnownFileType = sourcecode.c.h; path = SSPersonalViewController.h; sourceTree = "<group>"; };
		49835A802517C08300AA0F7E /* SSPersonalViewController.m */ = {isa = PBXFileReference; lastKnownFileType = sourcecode.c.objc; path = SSPersonalViewController.m; sourceTree = "<group>"; };
		49835A822517C40700AA0F7E /* Tab_Home_selected@2x.png */ = {isa = PBXFileReference; lastKnownFileType = image.png; path = "Tab_Home_selected@2x.png"; sourceTree = "<group>"; };
		49835A832517C40700AA0F7E /* Tab_Home@2x.png */ = {isa = PBXFileReference; lastKnownFileType = image.png; path = "Tab_Home@2x.png"; sourceTree = "<group>"; };
		49835A8A2517C5AE00AA0F7E /* SSHouseStatusCell.h */ = {isa = PBXFileReference; lastKnownFileType = sourcecode.c.h; path = SSHouseStatusCell.h; sourceTree = "<group>"; };
		49835A8B2517C5AE00AA0F7E /* SSHouseStatusCell.m */ = {isa = PBXFileReference; lastKnownFileType = sourcecode.c.objc; path = SSHouseStatusCell.m; sourceTree = "<group>"; };
		49835A8E2518792600AA0F7E /* SSDataTotalGainBreakLineView.h */ = {isa = PBXFileReference; lastKnownFileType = sourcecode.c.h; path = SSDataTotalGainBreakLineView.h; sourceTree = "<group>"; };
		49835A8F2518792600AA0F7E /* SSDataTotalGainBreakLineView.m */ = {isa = PBXFileReference; lastKnownFileType = sourcecode.c.objc; path = SSDataTotalGainBreakLineView.m; sourceTree = "<group>"; };
		49835A912518C45900AA0F7E /* SSScrollView.h */ = {isa = PBXFileReference; lastKnownFileType = sourcecode.c.h; path = SSScrollView.h; sourceTree = "<group>"; };
		49835A922518C45900AA0F7E /* SSScrollView.m */ = {isa = PBXFileReference; lastKnownFileType = sourcecode.c.objc; path = SSScrollView.m; sourceTree = "<group>"; };
		49835A972518C99F00AA0F7E /* SSDataTotalViewController.h */ = {isa = PBXFileReference; lastKnownFileType = sourcecode.c.h; path = SSDataTotalViewController.h; sourceTree = "<group>"; };
		49835A982518C99F00AA0F7E /* SSDataTotalViewController.m */ = {isa = PBXFileReference; lastKnownFileType = sourcecode.c.objc; path = SSDataTotalViewController.m; sourceTree = "<group>"; };
		49835A9A2518C9D400AA0F7E /* SSDataRateViewController.h */ = {isa = PBXFileReference; lastKnownFileType = sourcecode.c.h; path = SSDataRateViewController.h; sourceTree = "<group>"; };
		49835A9B2518C9D400AA0F7E /* SSDataRateViewController.m */ = {isa = PBXFileReference; lastKnownFileType = sourcecode.c.objc; path = SSDataRateViewController.m; sourceTree = "<group>"; };
		49835A9D2518C9F100AA0F7E /* SSDataCountViewController.h */ = {isa = PBXFileReference; lastKnownFileType = sourcecode.c.h; path = SSDataCountViewController.h; sourceTree = "<group>"; };
		49835A9E2518C9F100AA0F7E /* SSDataCountViewController.m */ = {isa = PBXFileReference; lastKnownFileType = sourcecode.c.objc; path = SSDataCountViewController.m; sourceTree = "<group>"; };
		49835AA02518CAA400AA0F7E /* SSDataTopTypeItem.h */ = {isa = PBXFileReference; lastKnownFileType = sourcecode.c.h; path = SSDataTopTypeItem.h; sourceTree = "<group>"; };
		49835AA12518CAA400AA0F7E /* SSDataTopTypeItem.m */ = {isa = PBXFileReference; lastKnownFileType = sourcecode.c.objc; path = SSDataTopTypeItem.m; sourceTree = "<group>"; };
		49835AA425190CCA00AA0F7E /* SSDataTotalBtnsView.h */ = {isa = PBXFileReference; lastKnownFileType = sourcecode.c.h; path = SSDataTotalBtnsView.h; sourceTree = "<group>"; };
		49835AA525190CCA00AA0F7E /* SSDataTotalBtnsView.m */ = {isa = PBXFileReference; lastKnownFileType = sourcecode.c.objc; path = SSDataTotalBtnsView.m; sourceTree = "<group>"; };
		49835AA7251A413200AA0F7E /* SSDataTotalBreakCell.h */ = {isa = PBXFileReference; fileEncoding = 4; lastKnownFileType = sourcecode.c.h; path = SSDataTotalBreakCell.h; sourceTree = "<group>"; };
		49835AA8251A413200AA0F7E /* SSDataTotalBreakCell.m */ = {isa = PBXFileReference; fileEncoding = 4; lastKnownFileType = sourcecode.c.objc; path = SSDataTotalBreakCell.m; sourceTree = "<group>"; };
		49835AA9251A413200AA0F7E /* SSDataTotalRankCell.m */ = {isa = PBXFileReference; fileEncoding = 4; lastKnownFileType = sourcecode.c.objc; path = SSDataTotalRankCell.m; sourceTree = "<group>"; };
		49835AAA251A413300AA0F7E /* SSDataTotalRankCell.h */ = {isa = PBXFileReference; fileEncoding = 4; lastKnownFileType = sourcecode.c.h; path = SSDataTotalRankCell.h; sourceTree = "<group>"; };
		49835AAD251A428000AA0F7E /* SSMatterViewController.h */ = {isa = PBXFileReference; fileEncoding = 4; lastKnownFileType = sourcecode.c.h; path = SSMatterViewController.h; sourceTree = "<group>"; };
		49835AAE251A428000AA0F7E /* SSMatterViewController.m */ = {isa = PBXFileReference; fileEncoding = 4; lastKnownFileType = sourcecode.c.objc; path = SSMatterViewController.m; sourceTree = "<group>"; };
		52DF05FA73D7FE081C903EC7 /* Pods-SSuite.release.xcconfig */ = {isa = PBXFileReference; includeInIndex = 1; lastKnownFileType = text.xcconfig; name = "Pods-SSuite.release.xcconfig"; path = "Target Support Files/Pods-SSuite/Pods-SSuite.release.xcconfig"; sourceTree = "<group>"; };
		580FCAC6EC99FC39308AFE05 /* Pods-SSuite.debug.xcconfig */ = {isa = PBXFileReference; includeInIndex = 1; lastKnownFileType = text.xcconfig; name = "Pods-SSuite.debug.xcconfig"; path = "Target Support Files/Pods-SSuite/Pods-SSuite.debug.xcconfig"; sourceTree = "<group>"; };
		7B49C007251333F3000F1009 /* SSuite.app */ = {isa = PBXFileReference; explicitFileType = wrapper.application; includeInIndex = 0; path = SSuite.app; sourceTree = BUILT_PRODUCTS_DIR; };
		7B49C00A251333F3000F1009 /* AppDelegate.h */ = {isa = PBXFileReference; lastKnownFileType = sourcecode.c.h; path = AppDelegate.h; sourceTree = "<group>"; };
		7B49C00B251333F3000F1009 /* AppDelegate.m */ = {isa = PBXFileReference; lastKnownFileType = sourcecode.c.objc; path = AppDelegate.m; sourceTree = "<group>"; };
		7B49C00D251333F3000F1009 /* SceneDelegate.h */ = {isa = PBXFileReference; lastKnownFileType = sourcecode.c.h; path = SceneDelegate.h; sourceTree = "<group>"; };
		7B49C00E251333F3000F1009 /* SceneDelegate.m */ = {isa = PBXFileReference; lastKnownFileType = sourcecode.c.objc; path = SceneDelegate.m; sourceTree = "<group>"; };
		7B49C010251333F3000F1009 /* ViewController.h */ = {isa = PBXFileReference; lastKnownFileType = sourcecode.c.h; path = ViewController.h; sourceTree = "<group>"; };
		7B49C011251333F3000F1009 /* ViewController.m */ = {isa = PBXFileReference; lastKnownFileType = sourcecode.c.objc; path = ViewController.m; sourceTree = "<group>"; };
		7B49C014251333F3000F1009 /* Base */ = {isa = PBXFileReference; lastKnownFileType = file.storyboard; name = Base; path = Base.lproj/Main.storyboard; sourceTree = "<group>"; };
		7B49C016251333F4000F1009 /* Assets.xcassets */ = {isa = PBXFileReference; lastKnownFileType = folder.assetcatalog; path = Assets.xcassets; sourceTree = "<group>"; };
		7B49C019251333F4000F1009 /* Base */ = {isa = PBXFileReference; lastKnownFileType = file.storyboard; name = Base; path = Base.lproj/LaunchScreen.storyboard; sourceTree = "<group>"; };
		7B49C01B251333F4000F1009 /* Info.plist */ = {isa = PBXFileReference; lastKnownFileType = text.plist.xml; path = Info.plist; sourceTree = "<group>"; };
		7B49C01C251333F4000F1009 /* main.m */ = {isa = PBXFileReference; lastKnownFileType = sourcecode.c.objc; path = main.m; sourceTree = "<group>"; };
		7B49C022251333F4000F1009 /* SSuiteTests.xctest */ = {isa = PBXFileReference; explicitFileType = wrapper.cfbundle; includeInIndex = 0; path = SSuiteTests.xctest; sourceTree = BUILT_PRODUCTS_DIR; };
		7B49C026251333F4000F1009 /* SSuiteTests.m */ = {isa = PBXFileReference; lastKnownFileType = sourcecode.c.objc; path = SSuiteTests.m; sourceTree = "<group>"; };
		7B49C028251333F4000F1009 /* Info.plist */ = {isa = PBXFileReference; lastKnownFileType = text.plist.xml; path = Info.plist; sourceTree = "<group>"; };
		7B49C02D251333F4000F1009 /* SSuiteUITests.xctest */ = {isa = PBXFileReference; explicitFileType = wrapper.cfbundle; includeInIndex = 0; path = SSuiteUITests.xctest; sourceTree = BUILT_PRODUCTS_DIR; };
		7B49C031251333F4000F1009 /* SSuiteUITests.m */ = {isa = PBXFileReference; lastKnownFileType = sourcecode.c.objc; path = SSuiteUITests.m; sourceTree = "<group>"; };
		7B49C033251333F4000F1009 /* Info.plist */ = {isa = PBXFileReference; lastKnownFileType = text.plist.xml; path = Info.plist; sourceTree = "<group>"; };
		7B49C04125134C4F000F1009 /* SSUtilities.h */ = {isa = PBXFileReference; lastKnownFileType = sourcecode.c.h; path = SSUtilities.h; sourceTree = "<group>"; };
		7B49C04225134C4F000F1009 /* SSUtilities.m */ = {isa = PBXFileReference; lastKnownFileType = sourcecode.c.objc; path = SSUtilities.m; sourceTree = "<group>"; };
		7B49C0442513508C000F1009 /* SSuiteHeader.pch */ = {isa = PBXFileReference; lastKnownFileType = sourcecode.c.h; path = SSuiteHeader.pch; sourceTree = "<group>"; };
		7B49C04525135195000F1009 /* SSPublicDefine.h */ = {isa = PBXFileReference; lastKnownFileType = sourcecode.c.h; path = SSPublicDefine.h; sourceTree = "<group>"; };
		7B49C04725135B1E000F1009 /* SSBaseCollectionView.h */ = {isa = PBXFileReference; lastKnownFileType = sourcecode.c.h; path = SSBaseCollectionView.h; sourceTree = "<group>"; };
		7B49C04825135B1E000F1009 /* SSBaseCollectionView.m */ = {isa = PBXFileReference; lastKnownFileType = sourcecode.c.objc; path = SSBaseCollectionView.m; sourceTree = "<group>"; };
		7B49C04B25135D14000F1009 /* SSCollectionViewFlowLayout.h */ = {isa = PBXFileReference; lastKnownFileType = sourcecode.c.h; path = SSCollectionViewFlowLayout.h; sourceTree = "<group>"; };
		7B49C04C25135D14000F1009 /* SSCollectionViewFlowLayout.m */ = {isa = PBXFileReference; lastKnownFileType = sourcecode.c.objc; path = SSCollectionViewFlowLayout.m; sourceTree = "<group>"; };
		7B49C05A251AF52B000F1009 /* SSSingleTitleView.h */ = {isa = PBXFileReference; lastKnownFileType = sourcecode.c.h; path = SSSingleTitleView.h; sourceTree = "<group>"; };
		7B49C05B251AF52B000F1009 /* SSSingleTitleView.m */ = {isa = PBXFileReference; lastKnownFileType = sourcecode.c.objc; path = SSSingleTitleView.m; sourceTree = "<group>"; };
		7B49C05E251AF769000F1009 /* SSDataRingChartCell.h */ = {isa = PBXFileReference; lastKnownFileType = sourcecode.c.h; path = SSDataRingChartCell.h; sourceTree = "<group>"; };
		7B49C05F251AF769000F1009 /* SSDataRingChartCell.m */ = {isa = PBXFileReference; lastKnownFileType = sourcecode.c.objc; path = SSDataRingChartCell.m; sourceTree = "<group>"; };
		7B49C061251B1828000F1009 /* SSRataHorizontalLine.h */ = {isa = PBXFileReference; lastKnownFileType = sourcecode.c.h; path = SSRataHorizontalLine.h; sourceTree = "<group>"; };
		7B49C062251B1828000F1009 /* SSRataHorizontalLine.m */ = {isa = PBXFileReference; lastKnownFileType = sourcecode.c.objc; path = SSRataHorizontalLine.m; sourceTree = "<group>"; };
		7B49C064251B2189000F1009 /* SSRataRingChartView.h */ = {isa = PBXFileReference; lastKnownFileType = sourcecode.c.h; path = SSRataRingChartView.h; sourceTree = "<group>"; };
		7B49C065251B2189000F1009 /* SSRataRingChartView.m */ = {isa = PBXFileReference; lastKnownFileType = sourcecode.c.objc; path = SSRataRingChartView.m; sourceTree = "<group>"; };
		7B49C067251B4139000F1009 /* SSDataLineChartCell.h */ = {isa = PBXFileReference; lastKnownFileType = sourcecode.c.h; path = SSDataLineChartCell.h; sourceTree = "<group>"; };
		7B49C068251B4139000F1009 /* SSDataLineChartCell.m */ = {isa = PBXFileReference; lastKnownFileType = sourcecode.c.objc; path = SSDataLineChartCell.m; sourceTree = "<group>"; };
/* End PBXFileReference section */

/* Begin PBXFrameworksBuildPhase section */
		7B49C004251333F3000F1009 /* Frameworks */ = {
			isa = PBXFrameworksBuildPhase;
			buildActionMask = 2147483647;
			files = (
				18351EC36F94B8453E687D5A /* libPods-SSuite.a in Frameworks */,
			);
			runOnlyForDeploymentPostprocessing = 0;
		};
		7B49C01F251333F4000F1009 /* Frameworks */ = {
			isa = PBXFrameworksBuildPhase;
			buildActionMask = 2147483647;
			files = (
			);
			runOnlyForDeploymentPostprocessing = 0;
		};
		7B49C02A251333F4000F1009 /* Frameworks */ = {
			isa = PBXFrameworksBuildPhase;
			buildActionMask = 2147483647;
			files = (
			);
			runOnlyForDeploymentPostprocessing = 0;
		};
/* End PBXFrameworksBuildPhase section */

/* Begin PBXGroup section */
		491EB7162516571500F40DBF /* Controllers */ = {
			isa = PBXGroup;
			children = (
				49835A782517C00900AA0F7E /* personalCenter */,
				49835A772517BFEB00AA0F7E /* HouseData */,
				49835A762517BF4C00AA0F7E /* HouseStatus */,
				49835A722517BE9900AA0F7E /* BaseController */,
				491EB7172516571500F40DBF /* Matter */,
			);
			path = Controllers;
			sourceTree = "<group>";
		};
		491EB7172516571500F40DBF /* Matter */ = {
			isa = PBXGroup;
			children = (
				49835AAD251A428000AA0F7E /* SSMatterViewController.h */,
				49835AAE251A428000AA0F7E /* SSMatterViewController.m */,
				491EB7192516571500F40DBF /* MatterView */,
			);
			path = Matter;
			sourceTree = "<group>";
		};
		491EB7192516571500F40DBF /* MatterView */ = {
			isa = PBXGroup;
			children = (
				491EB71B2516571500F40DBF /* SSMatterGridCollectionCell.h */,
				491EB71A2516571500F40DBF /* SSMatterGridCollectionCell.m */,
				49835A65251794FF00AA0F7E /* SSMatterActionDoCell.h */,
				49835A66251794FF00AA0F7E /* SSMatterActionDoCell.m */,
				49835A6F2517B53500AA0F7E /* SSMatterDeviceCell.h */,
				49835A702517B53500AA0F7E /* SSMatterDeviceCell.m */,
				49835A622516A29500AA0F7E /* SSMatterItemCell.h */,
				49835A632516A29500AA0F7E /* SSMatterItemCell.m */,
				49835A502516684700AA0F7E /* SSMatterTitleView.h */,
				49835A512516684700AA0F7E /* SSMatterTitleView.m */,
				49835A5325166D3000AA0F7E /* SSRadiuTopCollectionView.h */,
				49835A5425166D3000AA0F7E /* SSRadiuTopCollectionView.m */,
				49835A5625166D4F00AA0F7E /* SSRadiuBottomCollectionView.h */,
				49835A5725166D4F00AA0F7E /* SSRadiuBottomCollectionView.m */,
				49835A592516902B00AA0F7E /* SSLeftRightCollectionView.h */,
				49835A5A2516902B00AA0F7E /* SSLeftRightCollectionView.m */,
			);
			path = MatterView;
			sourceTree = "<group>";
		};
		498359ED2516618600AA0F7E /* images */ = {
			isa = PBXGroup;
			children = (
				49835A822517C40700AA0F7E /* Tab_Home_selected@2x.png */,
				49835A832517C40700AA0F7E /* Tab_Home@2x.png */,
				49835A6D2517A70D00AA0F7E /* sc_home_banner@2x.png */,
				49835A6B2517A57600AA0F7E /* sc_down_arrow@2x.png */,
				49835A602516991700AA0F7E /* sc_right_arrow@2x.png */,
				49835A4A251661E200AA0F7E /* placeholdimg1@2x.png */,
				49835A5E2516960D00AA0F7E /* placeholdimg2@2x.png */,
			);
			path = images;
			sourceTree = "<group>";
		};
		49835A4C251663C500AA0F7E /* Extension */ = {
			isa = PBXGroup;
			children = (
				49835A4D2516643D00AA0F7E /* UIColor+SSEx.h */,
				49835A4E2516643D00AA0F7E /* UIColor+SSEx.m */,
				49835A692517A4F200AA0F7E /* UIButton+SCEextension.h */,
				49835A682517A4F200AA0F7E /* UIButton+SCEextension.m */,
			);
			path = Extension;
			sourceTree = "<group>";
		};
		49835A722517BE9900AA0F7E /* BaseController */ = {
			isa = PBXGroup;
			children = (
				49835A732517BEE000AA0F7E /* SSTabBarController.h */,
				49835A742517BEE000AA0F7E /* SSTabBarController.m */,
			);
			path = BaseController;
			sourceTree = "<group>";
		};
		49835A762517BF4C00AA0F7E /* HouseStatus */ = {
			isa = PBXGroup;
			children = (
				49835A792517C05200AA0F7E /* SSStatusViewController.h */,
				49835A7A2517C05200AA0F7E /* SSStatusViewController.m */,
				49835A862517C54700AA0F7E /* View */,
			);
			path = HouseStatus;
			sourceTree = "<group>";
		};
		49835A772517BFEB00AA0F7E /* HouseData */ = {
			isa = PBXGroup;
			children = (
				49835A8D2518783000AA0F7E /* views */,
				49835A7C2517C06400AA0F7E /* SSDataViewController.h */,
				49835A7D2517C06400AA0F7E /* SSDataViewController.m */,
				49835A972518C99F00AA0F7E /* SSDataTotalViewController.h */,
				49835A982518C99F00AA0F7E /* SSDataTotalViewController.m */,
				49835A9A2518C9D400AA0F7E /* SSDataRateViewController.h */,
				49835A9B2518C9D400AA0F7E /* SSDataRateViewController.m */,
				49835A9D2518C9F100AA0F7E /* SSDataCountViewController.h */,
				49835A9E2518C9F100AA0F7E /* SSDataCountViewController.m */,
			);
			path = HouseData;
			sourceTree = "<group>";
		};
		49835A782517C00900AA0F7E /* personalCenter */ = {
			isa = PBXGroup;
			children = (
				49835A7F2517C08300AA0F7E /* SSPersonalViewController.h */,
				49835A802517C08300AA0F7E /* SSPersonalViewController.m */,
			);
			path = personalCenter;
			sourceTree = "<group>";
		};
		49835A862517C54700AA0F7E /* View */ = {
			isa = PBXGroup;
			children = (
				49835A8A2517C5AE00AA0F7E /* SSHouseStatusCell.h */,
				49835A8B2517C5AE00AA0F7E /* SSHouseStatusCell.m */,
			);
			path = View;
			sourceTree = "<group>";
		};
		49835A8D2518783000AA0F7E /* views */ = {
			isa = PBXGroup;
			children = (
				7B49C05D251AF6C1000F1009 /* DataRataViews */,
				49835AA325190C8D00AA0F7E /* DataTotalViews */,
				49835A8E2518792600AA0F7E /* SSDataTotalGainBreakLineView.h */,
				49835A8F2518792600AA0F7E /* SSDataTotalGainBreakLineView.m */,
				49835AA02518CAA400AA0F7E /* SSDataTopTypeItem.h */,
				49835AA12518CAA400AA0F7E /* SSDataTopTypeItem.m */,
				49835A912518C45900AA0F7E /* SSScrollView.h */,
				49835A922518C45900AA0F7E /* SSScrollView.m */,
				7B49C05A251AF52B000F1009 /* SSSingleTitleView.h */,
				7B49C05B251AF52B000F1009 /* SSSingleTitleView.m */,
				7B49C061251B1828000F1009 /* SSRataHorizontalLine.h */,
				7B49C062251B1828000F1009 /* SSRataHorizontalLine.m */,
				7B49C064251B2189000F1009 /* SSRataRingChartView.h */,
				7B49C065251B2189000F1009 /* SSRataRingChartView.m */,
			);
			path = views;
			sourceTree = "<group>";
		};
		49835AA325190C8D00AA0F7E /* DataTotalViews */ = {
			isa = PBXGroup;
			children = (
				49835AA425190CCA00AA0F7E /* SSDataTotalBtnsView.h */,
				49835AA525190CCA00AA0F7E /* SSDataTotalBtnsView.m */,
				49835AA7251A413200AA0F7E /* SSDataTotalBreakCell.h */,
				49835AA8251A413200AA0F7E /* SSDataTotalBreakCell.m */,
				49835AAA251A413300AA0F7E /* SSDataTotalRankCell.h */,
				49835AA9251A413200AA0F7E /* SSDataTotalRankCell.m */,
			);
			path = DataTotalViews;
			sourceTree = "<group>";
		};
		7B49BFFE251333F3000F1009 = {
			isa = PBXGroup;
			children = (
				7B49C009251333F3000F1009 /* SSuite */,
				7B49C025251333F4000F1009 /* SSuiteTests */,
				7B49C030251333F4000F1009 /* SSuiteUITests */,
				7B49C008251333F3000F1009 /* Products */,
				FE2E073FBB1FA789E33A6340 /* Pods */,
				EB75D1E0A8E0779EFA749652 /* Frameworks */,
			);
			sourceTree = "<group>";
		};
		7B49C008251333F3000F1009 /* Products */ = {
			isa = PBXGroup;
			children = (
				7B49C007251333F3000F1009 /* SSuite.app */,
				7B49C022251333F4000F1009 /* SSuiteTests.xctest */,
				7B49C02D251333F4000F1009 /* SSuiteUITests.xctest */,
			);
			name = Products;
			sourceTree = "<group>";
		};
		7B49C009251333F3000F1009 /* SSuite */ = {
			isa = PBXGroup;
			children = (
				49835A4C251663C500AA0F7E /* Extension */,
				498359ED2516618600AA0F7E /* images */,
				491EB7152516557F00F40DBF /* SSuite.entitlements */,
				491EB7162516571500F40DBF /* Controllers */,
				7B49C04625135AD8000F1009 /* BaseView */,
				7B49C04025134C01000F1009 /* Util */,
				7B49C00A251333F3000F1009 /* AppDelegate.h */,
				7B49C00B251333F3000F1009 /* AppDelegate.m */,
				7B49C00D251333F3000F1009 /* SceneDelegate.h */,
				7B49C00E251333F3000F1009 /* SceneDelegate.m */,
				7B49C010251333F3000F1009 /* ViewController.h */,
				7B49C011251333F3000F1009 /* ViewController.m */,
				7B49C013251333F3000F1009 /* Main.storyboard */,
				7B49C016251333F4000F1009 /* Assets.xcassets */,
				7B49C018251333F4000F1009 /* LaunchScreen.storyboard */,
				7B49C01B251333F4000F1009 /* Info.plist */,
				7B49C01C251333F4000F1009 /* main.m */,
			);
			path = SSuite;
			sourceTree = "<group>";
		};
		7B49C025251333F4000F1009 /* SSuiteTests */ = {
			isa = PBXGroup;
			children = (
				7B49C026251333F4000F1009 /* SSuiteTests.m */,
				7B49C028251333F4000F1009 /* Info.plist */,
			);
			path = SSuiteTests;
			sourceTree = "<group>";
		};
		7B49C030251333F4000F1009 /* SSuiteUITests */ = {
			isa = PBXGroup;
			children = (
				7B49C031251333F4000F1009 /* SSuiteUITests.m */,
				7B49C033251333F4000F1009 /* Info.plist */,
			);
			path = SSuiteUITests;
			sourceTree = "<group>";
		};
		7B49C04025134C01000F1009 /* Util */ = {
			isa = PBXGroup;
			children = (
				7B49C04125134C4F000F1009 /* SSUtilities.h */,
				7B49C04225134C4F000F1009 /* SSUtilities.m */,
				7B49C0442513508C000F1009 /* SSuiteHeader.pch */,
				7B49C04525135195000F1009 /* SSPublicDefine.h */,
			);
			path = Util;
			sourceTree = "<group>";
		};
		7B49C04625135AD8000F1009 /* BaseView */ = {
			isa = PBXGroup;
			children = (
				7B49C04725135B1E000F1009 /* SSBaseCollectionView.h */,
				7B49C04825135B1E000F1009 /* SSBaseCollectionView.m */,
				7B49C04B25135D14000F1009 /* SSCollectionViewFlowLayout.h */,
				7B49C04C25135D14000F1009 /* SSCollectionViewFlowLayout.m */,
				490BA21825164D0A005E9079 /* SSBaseViewController.h */,
				490BA21925164D0A005E9079 /* SSBaseViewController.m */,
			);
			path = BaseView;
			sourceTree = "<group>";
		};
		7B49C05D251AF6C1000F1009 /* DataRataViews */ = {
			isa = PBXGroup;
			children = (
				7B49C05E251AF769000F1009 /* SSDataRingChartCell.h */,
				7B49C05F251AF769000F1009 /* SSDataRingChartCell.m */,
				7B49C067251B4139000F1009 /* SSDataLineChartCell.h */,
				7B49C068251B4139000F1009 /* SSDataLineChartCell.m */,
			);
			path = DataRataViews;
			sourceTree = "<group>";
		};
		EB75D1E0A8E0779EFA749652 /* Frameworks */ = {
			isa = PBXGroup;
			children = (
				44AFCBBDDEFF38ADC0CEB386 /* libPods-SSuite.a */,
			);
			name = Frameworks;
			sourceTree = "<group>";
		};
		FE2E073FBB1FA789E33A6340 /* Pods */ = {
			isa = PBXGroup;
			children = (
				580FCAC6EC99FC39308AFE05 /* Pods-SSuite.debug.xcconfig */,
				52DF05FA73D7FE081C903EC7 /* Pods-SSuite.release.xcconfig */,
			);
			path = Pods;
			sourceTree = "<group>";
		};
/* End PBXGroup section */

/* Begin PBXNativeTarget section */
		7B49C006251333F3000F1009 /* SSuite */ = {
			isa = PBXNativeTarget;
			buildConfigurationList = 7B49C036251333F4000F1009 /* Build configuration list for PBXNativeTarget "SSuite" */;
			buildPhases = (
				46CEE41144781960256ECAC2 /* [CP] Check Pods Manifest.lock */,
				7B49C003251333F3000F1009 /* Sources */,
				7B49C004251333F3000F1009 /* Frameworks */,
				7B49C005251333F3000F1009 /* Resources */,
			);
			buildRules = (
			);
			dependencies = (
			);
			name = SSuite;
			productName = SSuite;
			productReference = 7B49C007251333F3000F1009 /* SSuite.app */;
			productType = "com.apple.product-type.application";
		};
		7B49C021251333F4000F1009 /* SSuiteTests */ = {
			isa = PBXNativeTarget;
			buildConfigurationList = 7B49C039251333F4000F1009 /* Build configuration list for PBXNativeTarget "SSuiteTests" */;
			buildPhases = (
				7B49C01E251333F4000F1009 /* Sources */,
				7B49C01F251333F4000F1009 /* Frameworks */,
				7B49C020251333F4000F1009 /* Resources */,
			);
			buildRules = (
			);
			dependencies = (
				7B49C024251333F4000F1009 /* PBXTargetDependency */,
			);
			name = SSuiteTests;
			productName = SSuiteTests;
			productReference = 7B49C022251333F4000F1009 /* SSuiteTests.xctest */;
			productType = "com.apple.product-type.bundle.unit-test";
		};
		7B49C02C251333F4000F1009 /* SSuiteUITests */ = {
			isa = PBXNativeTarget;
			buildConfigurationList = 7B49C03C251333F4000F1009 /* Build configuration list for PBXNativeTarget "SSuiteUITests" */;
			buildPhases = (
				7B49C029251333F4000F1009 /* Sources */,
				7B49C02A251333F4000F1009 /* Frameworks */,
				7B49C02B251333F4000F1009 /* Resources */,
			);
			buildRules = (
			);
			dependencies = (
				7B49C02F251333F4000F1009 /* PBXTargetDependency */,
			);
			name = SSuiteUITests;
			productName = SSuiteUITests;
			productReference = 7B49C02D251333F4000F1009 /* SSuiteUITests.xctest */;
			productType = "com.apple.product-type.bundle.ui-testing";
		};
/* End PBXNativeTarget section */

/* Begin PBXProject section */
		7B49BFFF251333F3000F1009 /* Project object */ = {
			isa = PBXProject;
			attributes = {
				CLASSPREFIX = SS;
				LastUpgradeCheck = 1150;
				ORGANIZATIONNAME = ssuite;
				TargetAttributes = {
					7B49C006251333F3000F1009 = {
						CreatedOnToolsVersion = 11.5;
					};
					7B49C021251333F4000F1009 = {
						CreatedOnToolsVersion = 11.5;
						TestTargetID = 7B49C006251333F3000F1009;
					};
					7B49C02C251333F4000F1009 = {
						CreatedOnToolsVersion = 11.5;
						TestTargetID = 7B49C006251333F3000F1009;
					};
				};
			};
			buildConfigurationList = 7B49C002251333F3000F1009 /* Build configuration list for PBXProject "SSuite" */;
			compatibilityVersion = "Xcode 9.3";
			developmentRegion = en;
			hasScannedForEncodings = 0;
			knownRegions = (
				en,
				Base,
			);
			mainGroup = 7B49BFFE251333F3000F1009;
			productRefGroup = 7B49C008251333F3000F1009 /* Products */;
			projectDirPath = "";
			projectRoot = "";
			targets = (
				7B49C006251333F3000F1009 /* SSuite */,
				7B49C021251333F4000F1009 /* SSuiteTests */,
				7B49C02C251333F4000F1009 /* SSuiteUITests */,
			);
		};
/* End PBXProject section */

/* Begin PBXResourcesBuildPhase section */
		7B49C005251333F3000F1009 /* Resources */ = {
			isa = PBXResourcesBuildPhase;
			buildActionMask = 2147483647;
			files = (
				49835A5F2516960D00AA0F7E /* placeholdimg2@2x.png in Resources */,
				49835A4B251661E200AA0F7E /* placeholdimg1@2x.png in Resources */,
				7B49C01A251333F4000F1009 /* LaunchScreen.storyboard in Resources */,
				49835A842517C40700AA0F7E /* Tab_Home_selected@2x.png in Resources */,
				49835A612516991700AA0F7E /* sc_right_arrow@2x.png in Resources */,
				7B49C017251333F4000F1009 /* Assets.xcassets in Resources */,
				49835A6E2517A70D00AA0F7E /* sc_home_banner@2x.png in Resources */,
				7B49C015251333F3000F1009 /* Main.storyboard in Resources */,
				49835A6C2517A57600AA0F7E /* sc_down_arrow@2x.png in Resources */,
				49835A852517C40700AA0F7E /* Tab_Home@2x.png in Resources */,
			);
			runOnlyForDeploymentPostprocessing = 0;
		};
		7B49C020251333F4000F1009 /* Resources */ = {
			isa = PBXResourcesBuildPhase;
			buildActionMask = 2147483647;
			files = (
			);
			runOnlyForDeploymentPostprocessing = 0;
		};
		7B49C02B251333F4000F1009 /* Resources */ = {
			isa = PBXResourcesBuildPhase;
			buildActionMask = 2147483647;
			files = (
			);
			runOnlyForDeploymentPostprocessing = 0;
		};
/* End PBXResourcesBuildPhase section */

/* Begin PBXShellScriptBuildPhase section */
		46CEE41144781960256ECAC2 /* [CP] Check Pods Manifest.lock */ = {
			isa = PBXShellScriptBuildPhase;
			buildActionMask = 2147483647;
			files = (
			);
			inputFileListPaths = (
			);
			inputPaths = (
				"${PODS_PODFILE_DIR_PATH}/Podfile.lock",
				"${PODS_ROOT}/Manifest.lock",
			);
			name = "[CP] Check Pods Manifest.lock";
			outputFileListPaths = (
			);
			outputPaths = (
				"$(DERIVED_FILE_DIR)/Pods-SSuite-checkManifestLockResult.txt",
			);
			runOnlyForDeploymentPostprocessing = 0;
			shellPath = /bin/sh;
			shellScript = "diff \"${PODS_PODFILE_DIR_PATH}/Podfile.lock\" \"${PODS_ROOT}/Manifest.lock\" > /dev/null\nif [ $? != 0 ] ; then\n    # print error to STDERR\n    echo \"error: The sandbox is not in sync with the Podfile.lock. Run 'pod install' or update your CocoaPods installation.\" >&2\n    exit 1\nfi\n# This output is used by Xcode 'outputs' to avoid re-running this script phase.\necho \"SUCCESS\" > \"${SCRIPT_OUTPUT_FILE_0}\"\n";
			showEnvVarsInLog = 0;
		};
/* End PBXShellScriptBuildPhase section */

/* Begin PBXSourcesBuildPhase section */
		7B49C003251333F3000F1009 /* Sources */ = {
			isa = PBXSourcesBuildPhase;
			buildActionMask = 2147483647;
			files = (
				491EB71D2516571500F40DBF /* SSMatterGridCollectionCell.m in Sources */,
				49835A9F2518C9F100AA0F7E /* SSDataCountViewController.m in Sources */,
				49835A67251794FF00AA0F7E /* SSMatterActionDoCell.m in Sources */,
				49835A992518C99F00AA0F7E /* SSDataTotalViewController.m in Sources */,
				7B49C060251AF769000F1009 /* SSDataRingChartCell.m in Sources */,
				7B49C012251333F3000F1009 /* ViewController.m in Sources */,
				7B49C05C251AF52B000F1009 /* SSSingleTitleView.m in Sources */,
				49835A932518C45900AA0F7E /* SSScrollView.m in Sources */,
				490BA21A25164D0A005E9079 /* SSBaseViewController.m in Sources */,
				7B49C063251B1828000F1009 /* SSRataHorizontalLine.m in Sources */,
				7B49C066251B2189000F1009 /* SSRataRingChartView.m in Sources */,
				49835AAF251A428000AA0F7E /* SSMatterViewController.m in Sources */,
				49835AAC251A413300AA0F7E /* SSDataTotalRankCell.m in Sources */,
				7B49C04925135B1E000F1009 /* SSBaseCollectionView.m in Sources */,
				7B49C04325134C4F000F1009 /* SSUtilities.m in Sources */,
				7B49C00C251333F3000F1009 /* AppDelegate.m in Sources */,
				49835A4F2516643D00AA0F7E /* UIColor+SSEx.m in Sources */,
				49835A6A2517A4F200AA0F7E /* UIButton+SCEextension.m in Sources */,
				49835A9C2518C9D400AA0F7E /* SSDataRateViewController.m in Sources */,
				7B49C01D251333F4000F1009 /* main.m in Sources */,
				7B49C00F251333F3000F1009 /* SceneDelegate.m in Sources */,
				49835A8C2517C5AE00AA0F7E /* SSHouseStatusCell.m in Sources */,
				49835A7E2517C06400AA0F7E /* SSDataViewController.m in Sources */,
				49835A712517B53500AA0F7E /* SSMatterDeviceCell.m in Sources */,
				49835A522516684700AA0F7E /* SSMatterTitleView.m in Sources */,
				49835A5825166D4F00AA0F7E /* SSRadiuBottomCollectionView.m in Sources */,
				49835A7B2517C05200AA0F7E /* SSStatusViewController.m in Sources */,
				49835AA22518CAA400AA0F7E /* SSDataTopTypeItem.m in Sources */,
				49835A812517C08300AA0F7E /* SSPersonalViewController.m in Sources */,
				49835A5525166D3000AA0F7E /* SSRadiuTopCollectionView.m in Sources */,
				7B49C04D25135D14000F1009 /* SSCollectionViewFlowLayout.m in Sources */,
				49835AAB251A413300AA0F7E /* SSDataTotalBreakCell.m in Sources */,
				49835A902518792600AA0F7E /* SSDataTotalGainBreakLineView.m in Sources */,
				49835A752517BEE000AA0F7E /* SSTabBarController.m in Sources */,
				7B49C069251B4139000F1009 /* SSDataLineChartCell.m in Sources */,
				49835A5B2516902B00AA0F7E /* SSLeftRightCollectionView.m in Sources */,
				49835A642516A29500AA0F7E /* SSMatterItemCell.m in Sources */,
				49835AA625190CCA00AA0F7E /* SSDataTotalBtnsView.m in Sources */,
			);
			runOnlyForDeploymentPostprocessing = 0;
		};
		7B49C01E251333F4000F1009 /* Sources */ = {
			isa = PBXSourcesBuildPhase;
			buildActionMask = 2147483647;
			files = (
				7B49C027251333F4000F1009 /* SSuiteTests.m in Sources */,
			);
			runOnlyForDeploymentPostprocessing = 0;
		};
		7B49C029251333F4000F1009 /* Sources */ = {
			isa = PBXSourcesBuildPhase;
			buildActionMask = 2147483647;
			files = (
				7B49C032251333F4000F1009 /* SSuiteUITests.m in Sources */,
			);
			runOnlyForDeploymentPostprocessing = 0;
		};
/* End PBXSourcesBuildPhase section */

/* Begin PBXTargetDependency section */
		7B49C024251333F4000F1009 /* PBXTargetDependency */ = {
			isa = PBXTargetDependency;
			target = 7B49C006251333F3000F1009 /* SSuite */;
			targetProxy = 7B49C023251333F4000F1009 /* PBXContainerItemProxy */;
		};
		7B49C02F251333F4000F1009 /* PBXTargetDependency */ = {
			isa = PBXTargetDependency;
			target = 7B49C006251333F3000F1009 /* SSuite */;
			targetProxy = 7B49C02E251333F4000F1009 /* PBXContainerItemProxy */;
		};
/* End PBXTargetDependency section */

/* Begin PBXVariantGroup section */
		7B49C013251333F3000F1009 /* Main.storyboard */ = {
			isa = PBXVariantGroup;
			children = (
				7B49C014251333F3000F1009 /* Base */,
			);
			name = Main.storyboard;
			sourceTree = "<group>";
		};
		7B49C018251333F4000F1009 /* LaunchScreen.storyboard */ = {
			isa = PBXVariantGroup;
			children = (
				7B49C019251333F4000F1009 /* Base */,
			);
			name = LaunchScreen.storyboard;
			sourceTree = "<group>";
		};
/* End PBXVariantGroup section */

/* Begin XCBuildConfiguration section */
		7B49C034251333F4000F1009 /* Debug */ = {
			isa = XCBuildConfiguration;
			buildSettings = {
				ALWAYS_SEARCH_USER_PATHS = NO;
				CLANG_ANALYZER_NONNULL = YES;
				CLANG_ANALYZER_NUMBER_OBJECT_CONVERSION = YES_AGGRESSIVE;
				CLANG_CXX_LANGUAGE_STANDARD = "gnu++14";
				CLANG_CXX_LIBRARY = "libc++";
				CLANG_ENABLE_MODULES = YES;
				CLANG_ENABLE_OBJC_ARC = YES;
				CLANG_ENABLE_OBJC_WEAK = YES;
				CLANG_WARN_BLOCK_CAPTURE_AUTORELEASING = YES;
				CLANG_WARN_BOOL_CONVERSION = YES;
				CLANG_WARN_COMMA = YES;
				CLANG_WARN_CONSTANT_CONVERSION = YES;
				CLANG_WARN_DEPRECATED_OBJC_IMPLEMENTATIONS = YES;
				CLANG_WARN_DIRECT_OBJC_ISA_USAGE = YES_ERROR;
				CLANG_WARN_DOCUMENTATION_COMMENTS = YES;
				CLANG_WARN_EMPTY_BODY = YES;
				CLANG_WARN_ENUM_CONVERSION = YES;
				CLANG_WARN_INFINITE_RECURSION = YES;
				CLANG_WARN_INT_CONVERSION = YES;
				CLANG_WARN_NON_LITERAL_NULL_CONVERSION = YES;
				CLANG_WARN_OBJC_IMPLICIT_RETAIN_SELF = YES;
				CLANG_WARN_OBJC_LITERAL_CONVERSION = YES;
				CLANG_WARN_OBJC_ROOT_CLASS = YES_ERROR;
				CLANG_WARN_RANGE_LOOP_ANALYSIS = YES;
				CLANG_WARN_STRICT_PROTOTYPES = YES;
				CLANG_WARN_SUSPICIOUS_MOVE = YES;
				CLANG_WARN_UNGUARDED_AVAILABILITY = YES_AGGRESSIVE;
				CLANG_WARN_UNREACHABLE_CODE = YES;
				CLANG_WARN__DUPLICATE_METHOD_MATCH = YES;
				COPY_PHASE_STRIP = NO;
				DEBUG_INFORMATION_FORMAT = dwarf;
				ENABLE_STRICT_OBJC_MSGSEND = YES;
				ENABLE_TESTABILITY = YES;
				GCC_C_LANGUAGE_STANDARD = gnu11;
				GCC_DYNAMIC_NO_PIC = NO;
				GCC_NO_COMMON_BLOCKS = YES;
				GCC_OPTIMIZATION_LEVEL = 0;
				GCC_PREPROCESSOR_DEFINITIONS = (
					"DEBUG=1",
					"$(inherited)",
				);
				GCC_WARN_64_TO_32_BIT_CONVERSION = YES;
				GCC_WARN_ABOUT_RETURN_TYPE = YES_ERROR;
				GCC_WARN_UNDECLARED_SELECTOR = YES;
				GCC_WARN_UNINITIALIZED_AUTOS = YES_AGGRESSIVE;
				GCC_WARN_UNUSED_FUNCTION = YES;
				GCC_WARN_UNUSED_VARIABLE = YES;
				IPHONEOS_DEPLOYMENT_TARGET = 9.0;
				MTL_ENABLE_DEBUG_INFO = INCLUDE_SOURCE;
				MTL_FAST_MATH = YES;
				ONLY_ACTIVE_ARCH = YES;
				SDKROOT = iphoneos;
			};
			name = Debug;
		};
		7B49C035251333F4000F1009 /* Release */ = {
			isa = XCBuildConfiguration;
			buildSettings = {
				ALWAYS_SEARCH_USER_PATHS = NO;
				CLANG_ANALYZER_NONNULL = YES;
				CLANG_ANALYZER_NUMBER_OBJECT_CONVERSION = YES_AGGRESSIVE;
				CLANG_CXX_LANGUAGE_STANDARD = "gnu++14";
				CLANG_CXX_LIBRARY = "libc++";
				CLANG_ENABLE_MODULES = YES;
				CLANG_ENABLE_OBJC_ARC = YES;
				CLANG_ENABLE_OBJC_WEAK = YES;
				CLANG_WARN_BLOCK_CAPTURE_AUTORELEASING = YES;
				CLANG_WARN_BOOL_CONVERSION = YES;
				CLANG_WARN_COMMA = YES;
				CLANG_WARN_CONSTANT_CONVERSION = YES;
				CLANG_WARN_DEPRECATED_OBJC_IMPLEMENTATIONS = YES;
				CLANG_WARN_DIRECT_OBJC_ISA_USAGE = YES_ERROR;
				CLANG_WARN_DOCUMENTATION_COMMENTS = YES;
				CLANG_WARN_EMPTY_BODY = YES;
				CLANG_WARN_ENUM_CONVERSION = YES;
				CLANG_WARN_INFINITE_RECURSION = YES;
				CLANG_WARN_INT_CONVERSION = YES;
				CLANG_WARN_NON_LITERAL_NULL_CONVERSION = YES;
				CLANG_WARN_OBJC_IMPLICIT_RETAIN_SELF = YES;
				CLANG_WARN_OBJC_LITERAL_CONVERSION = YES;
				CLANG_WARN_OBJC_ROOT_CLASS = YES_ERROR;
				CLANG_WARN_RANGE_LOOP_ANALYSIS = YES;
				CLANG_WARN_STRICT_PROTOTYPES = YES;
				CLANG_WARN_SUSPICIOUS_MOVE = YES;
				CLANG_WARN_UNGUARDED_AVAILABILITY = YES_AGGRESSIVE;
				CLANG_WARN_UNREACHABLE_CODE = YES;
				CLANG_WARN__DUPLICATE_METHOD_MATCH = YES;
				COPY_PHASE_STRIP = NO;
				DEBUG_INFORMATION_FORMAT = "dwarf-with-dsym";
				ENABLE_NS_ASSERTIONS = NO;
				ENABLE_STRICT_OBJC_MSGSEND = YES;
				GCC_C_LANGUAGE_STANDARD = gnu11;
				GCC_NO_COMMON_BLOCKS = YES;
				GCC_WARN_64_TO_32_BIT_CONVERSION = YES;
				GCC_WARN_ABOUT_RETURN_TYPE = YES_ERROR;
				GCC_WARN_UNDECLARED_SELECTOR = YES;
				GCC_WARN_UNINITIALIZED_AUTOS = YES_AGGRESSIVE;
				GCC_WARN_UNUSED_FUNCTION = YES;
				GCC_WARN_UNUSED_VARIABLE = YES;
				IPHONEOS_DEPLOYMENT_TARGET = 9.0;
				MTL_ENABLE_DEBUG_INFO = NO;
				MTL_FAST_MATH = YES;
				SDKROOT = iphoneos;
				VALIDATE_PRODUCT = YES;
			};
			name = Release;
		};
		7B49C037251333F4000F1009 /* Debug */ = {
			isa = XCBuildConfiguration;
			baseConfigurationReference = 580FCAC6EC99FC39308AFE05 /* Pods-SSuite.debug.xcconfig */;
			buildSettings = {
				ASSETCATALOG_COMPILER_APPICON_NAME = AppIcon;
				CODE_SIGN_ENTITLEMENTS = SSuite/SSuite.entitlements;
				CODE_SIGN_IDENTITY = "Apple Development";
				CODE_SIGN_STYLE = Automatic;
				DEVELOPMENT_TEAM = ZL2498CWZ2;
				GCC_INCREASE_PRECOMPILED_HEADER_SHARING = NO;
				GCC_PREFIX_HEADER = "$(SRCROOT)/SSuite/Util/SSuiteHeader.pch";
				INFOPLIST_FILE = SSuite/Info.plist;
				LD_RUNPATH_SEARCH_PATHS = (
					"$(inherited)",
					"@executable_path/Frameworks",
				);
				PRODUCT_BUNDLE_IDENTIFIER = com.zt.DingReport;
				PRODUCT_NAME = "$(TARGET_NAME)";
				PROVISIONING_PROFILE_SPECIFIER = "";
				SUPPORTS_MACCATALYST = NO;
				TARGETED_DEVICE_FAMILY = "1,2";
			};
			name = Debug;
		};
		7B49C038251333F4000F1009 /* Release */ = {
			isa = XCBuildConfiguration;
			baseConfigurationReference = 52DF05FA73D7FE081C903EC7 /* Pods-SSuite.release.xcconfig */;
			buildSettings = {
				ASSETCATALOG_COMPILER_APPICON_NAME = AppIcon;
				CODE_SIGN_ENTITLEMENTS = SSuite/SSuite.entitlements;
				CODE_SIGN_IDENTITY = "Apple Development";
				CODE_SIGN_STYLE = Automatic;
				DEVELOPMENT_TEAM = ZL2498CWZ2;
				GCC_INCREASE_PRECOMPILED_HEADER_SHARING = NO;
				GCC_PREFIX_HEADER = "$(SRCROOT)/SSuite/Util/SSuiteHeader.pch";
				INFOPLIST_FILE = SSuite/Info.plist;
				LD_RUNPATH_SEARCH_PATHS = (
					"$(inherited)",
					"@executable_path/Frameworks",
				);
				PRODUCT_BUNDLE_IDENTIFIER = com.zt.DingReport;
				PRODUCT_NAME = "$(TARGET_NAME)";
				PROVISIONING_PROFILE_SPECIFIER = "";
				SUPPORTS_MACCATALYST = NO;
				TARGETED_DEVICE_FAMILY = "1,2";
			};
			name = Release;
		};
		7B49C03A251333F4000F1009 /* Debug */ = {
			isa = XCBuildConfiguration;
			buildSettings = {
				BUNDLE_LOADER = "$(TEST_HOST)";
				CODE_SIGN_STYLE = Automatic;
				INFOPLIST_FILE = SSuiteTests/Info.plist;
				IPHONEOS_DEPLOYMENT_TARGET = 13.5;
				LD_RUNPATH_SEARCH_PATHS = (
					"$(inherited)",
					"@executable_path/Frameworks",
					"@loader_path/Frameworks",
				);
				PRODUCT_BUNDLE_IDENTIFIER = com.zt.demo.SSuiteTests;
				PRODUCT_NAME = "$(TARGET_NAME)";
				TARGETED_DEVICE_FAMILY = "1,2";
				TEST_HOST = "$(BUILT_PRODUCTS_DIR)/SSuite.app/SSuite";
			};
			name = Debug;
		};
		7B49C03B251333F4000F1009 /* Release */ = {
			isa = XCBuildConfiguration;
			buildSettings = {
				BUNDLE_LOADER = "$(TEST_HOST)";
				CODE_SIGN_STYLE = Automatic;
				INFOPLIST_FILE = SSuiteTests/Info.plist;
				IPHONEOS_DEPLOYMENT_TARGET = 13.5;
				LD_RUNPATH_SEARCH_PATHS = (
					"$(inherited)",
					"@executable_path/Frameworks",
					"@loader_path/Frameworks",
				);
				PRODUCT_BUNDLE_IDENTIFIER = com.zt.demo.SSuiteTests;
				PRODUCT_NAME = "$(TARGET_NAME)";
				TARGETED_DEVICE_FAMILY = "1,2";
				TEST_HOST = "$(BUILT_PRODUCTS_DIR)/SSuite.app/SSuite";
			};
			name = Release;
		};
		7B49C03D251333F4000F1009 /* Debug */ = {
			isa = XCBuildConfiguration;
			buildSettings = {
				CODE_SIGN_STYLE = Automatic;
				INFOPLIST_FILE = SSuiteUITests/Info.plist;
				LD_RUNPATH_SEARCH_PATHS = (
					"$(inherited)",
					"@executable_path/Frameworks",
					"@loader_path/Frameworks",
				);
				PRODUCT_BUNDLE_IDENTIFIER = com.zt.demo.SSuiteUITests;
				PRODUCT_NAME = "$(TARGET_NAME)";
				TARGETED_DEVICE_FAMILY = "1,2";
				TEST_TARGET_NAME = SSuite;
			};
			name = Debug;
		};
		7B49C03E251333F4000F1009 /* Release */ = {
			isa = XCBuildConfiguration;
			buildSettings = {
				CODE_SIGN_STYLE = Automatic;
				INFOPLIST_FILE = SSuiteUITests/Info.plist;
				LD_RUNPATH_SEARCH_PATHS = (
					"$(inherited)",
					"@executable_path/Frameworks",
					"@loader_path/Frameworks",
				);
				PRODUCT_BUNDLE_IDENTIFIER = com.zt.demo.SSuiteUITests;
				PRODUCT_NAME = "$(TARGET_NAME)";
				TARGETED_DEVICE_FAMILY = "1,2";
				TEST_TARGET_NAME = SSuite;
			};
			name = Release;
		};
/* End XCBuildConfiguration section */

/* Begin XCConfigurationList section */
		7B49C002251333F3000F1009 /* Build configuration list for PBXProject "SSuite" */ = {
			isa = XCConfigurationList;
			buildConfigurations = (
				7B49C034251333F4000F1009 /* Debug */,
				7B49C035251333F4000F1009 /* Release */,
			);
			defaultConfigurationIsVisible = 0;
			defaultConfigurationName = Release;
		};
		7B49C036251333F4000F1009 /* Build configuration list for PBXNativeTarget "SSuite" */ = {
			isa = XCConfigurationList;
			buildConfigurations = (
				7B49C037251333F4000F1009 /* Debug */,
				7B49C038251333F4000F1009 /* Release */,
			);
			defaultConfigurationIsVisible = 0;
			defaultConfigurationName = Release;
		};
		7B49C039251333F4000F1009 /* Build configuration list for PBXNativeTarget "SSuiteTests" */ = {
			isa = XCConfigurationList;
			buildConfigurations = (
				7B49C03A251333F4000F1009 /* Debug */,
				7B49C03B251333F4000F1009 /* Release */,
			);
			defaultConfigurationIsVisible = 0;
			defaultConfigurationName = Release;
		};
		7B49C03C251333F4000F1009 /* Build configuration list for PBXNativeTarget "SSuiteUITests" */ = {
			isa = XCConfigurationList;
			buildConfigurations = (
				7B49C03D251333F4000F1009 /* Debug */,
				7B49C03E251333F4000F1009 /* Release */,
			);
			defaultConfigurationIsVisible = 0;
			defaultConfigurationName = Release;
		};
/* End XCConfigurationList section */
	};
	rootObject = 7B49BFFF251333F3000F1009 /* Project object */;
}
